
Microsoft Visual Studio Solution File, Format Version 11.00
# Visual Studio 15
Project("{8BC9CEB8-8B4A-11D0-8D11-00A0C91BC942}") = "3d", "3d.vcxproj", "{8843DF25-9773-4B2E-ADB1-05DFDF45AC26}"
EndProject
Project("{8BC9CEB8-8B4A-11D0-8D11-00A0C91BC942}") = "asyncio", "asyncio.vcxproj", "{90E90FCA-47D2-4CE0-B05C-5B1ACB650911}"
EndProject
Project("{8BC9CEB8-8B4A-11D0-8D11-00A0C91BC942}") = "channel_groups", "channel_groups.vcxproj", "{18DF1C3A-DCD9-4B38-80F9-96A62740E69B}"
EndProject
Project("{8BC9CEB8-8B4A-11D0-8D11-00A0C91BC942}") = "convolution_reverb", "convolution_reverb.vcxproj", "{2C71FEC0-58BC-4F4A-AA61-FDA8E728594A}"
EndProject
Project("{8BC9CEB8-8B4A-11D0-8D11-00A0C91BC942}") = "dsp_custom", "dsp_custom.vcxproj", "{8A8C4B14-BD22-4EEF-9C7C-E381A50D578C}"
EndProject
Project("{8BC9CEB8-8B4A-11D0-8D11-00A0C91BC942}") = "dsp_effect_per_speaker", "dsp_effect_per_speaker.vcxproj", "{BD96C685-2792-426A-9930-5FF532933506}"
EndProject
Project("{8BC9CEB8-8B4A-11D0-8D11-00A0C91BC942}") = "dsp_inspector", "dsp_inspector.vcxproj", "{7138ECF5-91B1-4EE5-B9EB-CA6EDACA9105}"
EndProject
Project("{8BC9CEB8-8B4A-11D0-8D11-00A0C91BC942}") = "effects", "effects.vcxproj", "{8B35BB29-BAAA-464A-8E77-B755AAD12AD5}"
EndProject
Project("{8BC9CEB8-8B4A-11D0-8D11-00A0C91BC942}") = "gapless_playback", "gapless_playback.vcxproj", "{0C7DB5F5-257A-432C-A1D0-2869723A6F88}"
EndProject
Project("{8BC9CEB8-8B4A-11D0-8D11-00A0C91BC942}") = "generate_tone", "generate_tone.vcxproj", "{B6D8C5E1-74EA-42A1-96B2-8150C3E8A5FC}"
EndProject
Project("{8BC9CEB8-8B4A-11D0-8D11-00A0C91BC942}") = "granular_synth", "granular_synth.vcxproj", "{2DC7D4A3-8346-443E-86BD-E4B37D71A7E3}"
EndProject
Project("{8BC9CEB8-8B4A-11D0-8D11-00A0C91BC942}") = "load_from_memory", "load_from_memory.vcxproj", "{46BEAE45-754C-4220-A380-37A5EC28DDC0}"
EndProject
Project("{8BC9CEB8-8B4A-11D0-8D11-00A0C91BC942}") = "multiple_speaker", "multiple_speaker.vcxproj", "{A31F151B-DCAA-4BC5-891F-9ED310EE79DA}"
EndProject
Project("{8BC9CEB8-8B4A-11D0-8D11-00A0C91BC942}") = "multiple_system", "multiple_system.vcxproj", "{37F410E2-8A61-4CAF-B2D8-A4E3CA93EF9E}"
EndProject
Project("{8BC9CEB8-8B4A-11D0-8D11-00A0C91BC942}") = "net_stream", "net_stream.vcxproj", "{D93CD9EE-DC48-43D1-9901-03D3BCD03946}"
EndProject
Project("{8BC9CEB8-8B4A-11D0-8D11-00A0C91BC942}") = "play_sound", "play_sound.vcxproj", "{2695D42F-AC1D-4940-A2B9-16A79EFCE4CE}"
EndProject
Project("{8BC9CEB8-8B4A-11D0-8D11-00A0C91BC942}") = "play_stream", "play_stream.vcxproj", "{271FFC34-DE39-4824-8C2E-5BA09BF327D1}"
EndProject
Project("{8BC9CEB8-8B4A-11D0-8D11-00A0C91BC942}") = "record", "record.vcxproj", "{872DC3AD-3A0E-45C9-983D-B87790B10664}"
EndProject
Project("{8BC9CEB8-8B4A-11D0-8D11-00A0C91BC942}") = "record_enumeration", "record_enumeration.vcxproj", "{C239F6A1-3909-4E30-A480-16800E9B11E6}"
EndProject
Project("{8BC9CEB8-8B4A-11D0-8D11-00A0C91BC942}") = "user_created_sound", "user_created_sound.vcxproj", "{6423ADEB-54CE-41D3-B09A-203F204E4C7A}"
EndProject
Project("{8BC9CEB8-8B4A-11D0-8D11-00A0C91BC942}") = "fmod_codec_raw", "fmod_codec_raw.vcxproj", "{1D787DF9-9962-4247-8937-F150A6946703}"
EndProject
Project("{8BC9CEB8-8B4A-11D0-8D11-00A0C91BC942}") = "fmod_distance_filter", "fmod_distance_filter.vcxproj", "{39DD1C74-740C-4F87-A734-3EE17FD4A22A}"
EndProject
Project("{8BC9CEB8-8B4A-11D0-8D11-00A0C91BC942}") = "fmod_gain", "fmod_gain.vcxproj", "{0C72B8E8-E398-4BB8-B88B-C44F5483FBF6}"
EndProject
Project("{8BC9CEB8-8B4A-11D0-8D11-00A0C91BC942}") = "fmod_noise", "fmod_noise.vcxproj", "{E93FA39E-0184-444F-AF16-A177500CF64F}"
EndProject
Project("{8BC9CEB8-8B4A-11D0-8D11-00A0C91BC942}") = "output_mp3", "output_mp3.vcxproj", "{C0D79621-31EA-4C1B-BA06-2CB1528ACDAE}"
EndProject
Global
	GlobalSection(SolutionConfigurationPlatforms) = preSolution
		Debug|Win32 = Debug|Win32
		Debug|x64 = Debug|x64
		Release|Win32 = Release|Win32
		Release|x64 = Release|x64
	EndGlobalSection
	GlobalSection(ProjectConfigurationPlatforms) = postSolution
		{8843DF25-9773-4B2E-ADB1-05DFDF45AC26}.Debug|Win32.ActiveCfg = Debug|Win32
		{8843DF25-9773-4B2E-ADB1-05DFDF45AC26}.Debug|Win32.Build.0 = Debug|Win32
		{8843DF25-9773-4B2E-ADB1-05DFDF45AC26}.Debug|Win32.Deploy.0 = Debug|Win32
		{8843DF25-9773-4B2E-ADB1-05DFDF45AC26}.Debug|x64.ActiveCfg = Debug|x64
		{8843DF25-9773-4B2E-ADB1-05DFDF45AC26}.Debug|x64.Build.0 = Debug|x64
		{8843DF25-9773-4B2E-ADB1-05DFDF45AC26}.Debug|x64.Deploy.0 = Debug|x64
		{8843DF25-9773-4B2E-ADB1-05DFDF45AC26}.Release|Win32.ActiveCfg = Release|Win32
		{8843DF25-9773-4B2E-ADB1-05DFDF45AC26}.Release|Win32.Build.0 = Release|Win32
		{8843DF25-9773-4B2E-ADB1-05DFDF45AC26}.Release|Win32.Deploy.0 = Release|Win32
		{8843DF25-9773-4B2E-ADB1-05DFDF45AC26}.Release|x64.ActiveCfg = Release|x64
		{8843DF25-9773-4B2E-ADB1-05DFDF45AC26}.Release|x64.Build.0 = Release|x64
		{8843DF25-9773-4B2E-ADB1-05DFDF45AC26}.Release|x64.Deploy.0 = Release|x64
		{90E90FCA-47D2-4CE0-B05C-5B1ACB650911}.Debug|Win32.ActiveCfg = Debug|Win32
		{90E90FCA-47D2-4CE0-B05C-5B1ACB650911}.Debug|Win32.Build.0 = Debug|Win32
		{90E90FCA-47D2-4CE0-B05C-5B1ACB650911}.Debug|Win32.Deploy.0 = Debug|Win32
		{90E90FCA-47D2-4CE0-B05C-5B1ACB650911}.Debug|x64.ActiveCfg = Debug|x64
		{90E90FCA-47D2-4CE0-B05C-5B1ACB650911}.Debug|x64.Build.0 = Debug|x64
		{90E90FCA-47D2-4CE0-B05C-5B1ACB650911}.Debug|x64.Deploy.0 = Debug|x64
		{90E90FCA-47D2-4CE0-B05C-5B1ACB650911}.Release|Win32.ActiveCfg = Release|Win32
		{90E90FCA-47D2-4CE0-B05C-5B1ACB650911}.Release|Win32.Build.0 = Release|Win32
		{90E90FCA-47D2-4CE0-B05C-5B1ACB650911}.Release|Win32.Deploy.0 = Release|Win32
		{90E90FCA-47D2-4CE0-B05C-5B1ACB650911}.Release|x64.ActiveCfg = Release|x64
		{90E90FCA-47D2-4CE0-B05C-5B1ACB650911}.Release|x64.Build.0 = Release|x64
		{90E90FCA-47D2-4CE0-B05C-5B1ACB650911}.Release|x64.Deploy.0 = Release|x64
		{18DF1C3A-DCD9-4B38-80F9-96A62740E69B}.Debug|Win32.ActiveCfg = Debug|Win32
		{18DF1C3A-DCD9-4B38-80F9-96A62740E69B}.Debug|Win32.Build.0 = Debug|Win32
		{18DF1C3A-DCD9-4B38-80F9-96A62740E69B}.Debug|Win32.Deploy.0 = Debug|Win32
		{18DF1C3A-DCD9-4B38-80F9-96A62740E69B}.Debug|x64.ActiveCfg = Debug|x64
		{18DF1C3A-DCD9-4B38-80F9-96A62740E69B}.Debug|x64.Build.0 = Debug|x64
		{18DF1C3A-DCD9-4B38-80F9-96A62740E69B}.Debug|x64.Deploy.0 = Debug|x64
		{18DF1C3A-DCD9-4B38-80F9-96A62740E69B}.Release|Win32.ActiveCfg = Release|Win32
		{18DF1C3A-DCD9-4B38-80F9-96A62740E69B}.Release|Win32.Build.0 = Release|Win32
		{18DF1C3A-DCD9-4B38-80F9-96A62740E69B}.Release|Win32.Deploy.0 = Release|Win32
		{18DF1C3A-DCD9-4B38-80F9-96A62740E69B}.Release|x64.ActiveCfg = Release|x64
		{18DF1C3A-DCD9-4B38-80F9-96A62740E69B}.Release|x64.Build.0 = Release|x64
		{18DF1C3A-DCD9-4B38-80F9-96A62740E69B}.Release|x64.Deploy.0 = Release|x64
		{2C71FEC0-58BC-4F4A-AA61-FDA8E728594A}.Debug|Win32.ActiveCfg = Debug|Win32
		{2C71FEC0-58BC-4F4A-AA61-FDA8E728594A}.Debug|Win32.Build.0 = Debug|Win32
		{2C71FEC0-58BC-4F4A-AA61-FDA8E728594A}.Debug|Win32.Deploy.0 = Debug|Win32
		{2C71FEC0-58BC-4F4A-AA61-FDA8E728594A}.Debug|x64.ActiveCfg = Debug|x64
		{2C71FEC0-58BC-4F4A-AA61-FDA8E728594A}.Debug|x64.Build.0 = Debug|x64
		{2C71FEC0-58BC-4F4A-AA61-FDA8E728594A}.Debug|x64.Deploy.0 = Debug|x64
		{2C71FEC0-58BC-4F4A-AA61-FDA8E728594A}.Release|Win32.ActiveCfg = Release|Win32
		{2C71FEC0-58BC-4F4A-AA61-FDA8E728594A}.Release|Win32.Build.0 = Release|Win32
		{2C71FEC0-58BC-4F4A-AA61-FDA8E728594A}.Release|Win32.Deploy.0 = Release|Win32
		{2C71FEC0-58BC-4F4A-AA61-FDA8E728594A}.Release|x64.ActiveCfg = Release|x64
		{2C71FEC0-58BC-4F4A-AA61-FDA8E728594A}.Release|x64.Build.0 = Release|x64
		{2C71FEC0-58BC-4F4A-AA61-FDA8E728594A}.Release|x64.Deploy.0 = Release|x64
		{8A8C4B14-BD22-4EEF-9C7C-E381A50D578C}.Debug|Win32.ActiveCfg = Debug|Win32
		{8A8C4B14-BD22-4EEF-9C7C-E381A50D578C}.Debug|Win32.Build.0 = Debug|Win32
		{8A8C4B14-BD22-4EEF-9C7C-E381A50D578C}.Debug|Win32.Deploy.0 = Debug|Win32
		{8A8C4B14-BD22-4EEF-9C7C-E381A50D578C}.Debug|x64.ActiveCfg = Debug|x64
		{8A8C4B14-BD22-4EEF-9C7C-E381A50D578C}.Debug|x64.Build.0 = Debug|x64
		{8A8C4B14-BD22-4EEF-9C7C-E381A50D578C}.Debug|x64.Deploy.0 = Debug|x64
		{8A8C4B14-BD22-4EEF-9C7C-E381A50D578C}.Release|Win32.ActiveCfg = Release|Win32
		{8A8C4B14-BD22-4EEF-9C7C-E381A50D578C}.Release|Win32.Build.0 = Release|Win32
		{8A8C4B14-BD22-4EEF-9C7C-E381A50D578C}.Release|Win32.Deploy.0 = Release|Win32
		{8A8C4B14-BD22-4EEF-9C7C-E381A50D578C}.Release|x64.ActiveCfg = Release|x64
		{8A8C4B14-BD22-4EEF-9C7C-E381A50D578C}.Release|x64.Build.0 = Release|x64
		{8A8C4B14-BD22-4EEF-9C7C-E381A50D578C}.Release|x64.Deploy.0 = Release|x64
		{BD96C685-2792-426A-9930-5FF532933506}.Debug|Win32.ActiveCfg = Debug|Win32
		{BD96C685-2792-426A-9930-5FF532933506}.Debug|Win32.Build.0 = Debug|Win32
		{BD96C685-2792-426A-9930-5FF532933506}.Debug|Win32.Deploy.0 = Debug|Win32
		{BD96C685-2792-426A-9930-5FF532933506}.Debug|x64.ActiveCfg = Debug|x64
		{BD96C685-2792-426A-9930-5FF532933506}.Debug|x64.Build.0 = Debug|x64
		{BD96C685-2792-426A-9930-5FF532933506}.Debug|x64.Deploy.0 = Debug|x64
		{BD96C685-2792-426A-9930-5FF532933506}.Release|Win32.ActiveCfg = Release|Win32
		{BD96C685-2792-426A-9930-5FF532933506}.Release|Win32.Build.0 = Release|Win32
		{BD96C685-2792-426A-9930-5FF532933506}.Release|Win32.Deploy.0 = Release|Win32
		{BD96C685-2792-426A-9930-5FF532933506}.Release|x64.ActiveCfg = Release|x64
		{BD96C685-2792-426A-9930-5FF532933506}.Release|x64.Build.0 = Release|x64
		{BD96C685-2792-426A-9930-5FF532933506}.Release|x64.Deploy.0 = Release|x64
		{7138ECF5-91B1-4EE5-B9EB-CA6EDACA9105}.Debug|Win32.ActiveCfg = Debug|Win32
		{7138ECF5-91B1-4EE5-B9EB-CA6EDACA9105}.Debug|Win32.Build.0 = Debug|Win32
		{7138ECF5-91B1-4EE5-B9EB-CA6EDACA9105}.Debug|Win32.Deploy.0 = Debug|Win32
		{7138ECF5-91B1-4EE5-B9EB-CA6EDACA9105}.Debug|x64.ActiveCfg = Debug|x64
		{7138ECF5-91B1-4EE5-B9EB-CA6EDACA9105}.Debug|x64.Build.0 = Debug|x64
		{7138ECF5-91B1-4EE5-B9EB-CA6EDACA9105}.Debug|x64.Deploy.0 = Debug|x64
		{7138ECF5-91B1-4EE5-B9EB-CA6EDACA9105}.Release|Win32.ActiveCfg = Release|Win32
		{7138ECF5-91B1-4EE5-B9EB-CA6EDACA9105}.Release|Win32.Build.0 = Release|Win32
		{7138ECF5-91B1-4EE5-B9EB-CA6EDACA9105}.Release|Win32.Deploy.0 = Release|Win32
		{7138ECF5-91B1-4EE5-B9EB-CA6EDACA9105}.Release|x64.ActiveCfg = Release|x64
		{7138ECF5-91B1-4EE5-B9EB-CA6EDACA9105}.Release|x64.Build.0 = Release|x64
		{7138ECF5-91B1-4EE5-B9EB-CA6EDACA9105}.Release|x64.Deploy.0 = Release|x64
		{8B35BB29-BAAA-464A-8E77-B755AAD12AD5}.Debug|Win32.ActiveCfg = Debug|Win32
		{8B35BB29-BAAA-464A-8E77-B755AAD12AD5}.Debug|Win32.Build.0 = Debug|Win32
		{8B35BB29-BAAA-464A-8E77-B755AAD12AD5}.Debug|Win32.Deploy.0 = Debug|Win32
		{8B35BB29-BAAA-464A-8E77-B755AAD12AD5}.Debug|x64.ActiveCfg = Debug|x64
		{8B35BB29-BAAA-464A-8E77-B755AAD12AD5}.Debug|x64.Build.0 = Debug|x64
		{8B35BB29-BAAA-464A-8E77-B755AAD12AD5}.Debug|x64.Deploy.0 = Debug|x64
		{8B35BB29-BAAA-464A-8E77-B755AAD12AD5}.Release|Win32.ActiveCfg = Release|Win32
		{8B35BB29-BAAA-464A-8E77-B755AAD12AD5}.Release|Win32.Build.0 = Release|Win32
		{8B35BB29-BAAA-464A-8E77-B755AAD12AD5}.Release|Win32.Deploy.0 = Release|Win32
		{8B35BB29-BAAA-464A-8E77-B755AAD12AD5}.Release|x64.ActiveCfg = Release|x64
		{8B35BB29-BAAA-464A-8E77-B755AAD12AD5}.Release|x64.Build.0 = Release|x64
		{8B35BB29-BAAA-464A-8E77-B755AAD12AD5}.Release|x64.Deploy.0 = Release|x64
		{0C7DB5F5-257A-432C-A1D0-2869723A6F88}.Debug|Win32.ActiveCfg = Debug|Win32
		{0C7DB5F5-257A-432C-A1D0-2869723A6F88}.Debug|Win32.Build.0 = Debug|Win32
		{0C7DB5F5-257A-432C-A1D0-2869723A6F88}.Debug|Win32.Deploy.0 = Debug|Win32
		{0C7DB5F5-257A-432C-A1D0-2869723A6F88}.Debug|x64.ActiveCfg = Debug|x64
		{0C7DB5F5-257A-432C-A1D0-2869723A6F88}.Debug|x64.Build.0 = Debug|x64
		{0C7DB5F5-257A-432C-A1D0-2869723A6F88}.Debug|x64.Deploy.0 = Debug|x64
		{0C7DB5F5-257A-432C-A1D0-2869723A6F88}.Release|Win32.ActiveCfg = Release|Win32
		{0C7DB5F5-257A-432C-A1D0-2869723A6F88}.Release|Win32.Build.0 = Release|Win32
		{0C7DB5F5-257A-432C-A1D0-2869723A6F88}.Release|Win32.Deploy.0 = Release|Win32
		{0C7DB5F5-257A-432C-A1D0-2869723A6F88}.Release|x64.ActiveCfg = Release|x64
		{0C7DB5F5-257A-432C-A1D0-2869723A6F88}.Release|x64.Build.0 = Release|x64
		{0C7DB5F5-257A-432C-A1D0-2869723A6F88}.Release|x64.Deploy.0 = Release|x64
		{B6D8C5E1-74EA-42A1-96B2-8150C3E8A5FC}.Debug|Win32.ActiveCfg = Debug|Win32
		{B6D8C5E1-74EA-42A1-96B2-8150C3E8A5FC}.Debug|Win32.Build.0 = Debug|Win32
		{B6D8C5E1-74EA-42A1-96B2-8150C3E8A5FC}.Debug|Win32.Deploy.0 = Debug|Win32
		{B6D8C5E1-74EA-42A1-96B2-8150C3E8A5FC}.Debug|x64.ActiveCfg = Debug|x64
		{B6D8C5E1-74EA-42A1-96B2-8150C3E8A5FC}.Debug|x64.Build.0 = Debug|x64
		{B6D8C5E1-74EA-42A1-96B2-8150C3E8A5FC}.Debug|x64.Deploy.0 = Debug|x64
		{B6D8C5E1-74EA-42A1-96B2-8150C3E8A5FC}.Release|Win32.ActiveCfg = Release|Win32
		{B6D8C5E1-74EA-42A1-96B2-8150C3E8A5FC}.Release|Win32.Build.0 = Release|Win32
		{B6D8C5E1-74EA-42A1-96B2-8150C3E8A5FC}.Release|Win32.Deploy.0 = Release|Win32
		{B6D8C5E1-74EA-42A1-96B2-8150C3E8A5FC}.Release|x64.ActiveCfg = Release|x64
		{B6D8C5E1-74EA-42A1-96B2-8150C3E8A5FC}.Release|x64.Build.0 = Release|x64
		{B6D8C5E1-74EA-42A1-96B2-8150C3E8A5FC}.Release|x64.Deploy.0 = Release|x64
		{2DC7D4A3-8346-443E-86BD-E4B37D71A7E3}.Debug|Win32.ActiveCfg = Debug|Win32
		{2DC7D4A3-8346-443E-86BD-E4B37D71A7E3}.Debug|Win32.Build.0 = Debug|Win32
		{2DC7D4A3-8346-443E-86BD-E4B37D71A7E3}.Debug|Win32.Deploy.0 = Debug|Win32
		{2DC7D4A3-8346-443E-86BD-E4B37D71A7E3}.Debug|x64.ActiveCfg = Debug|x64
		{2DC7D4A3-8346-443E-86BD-E4B37D71A7E3}.Debug|x64.Build.0 = Debug|x64
		{2DC7D4A3-8346-443E-86BD-E4B37D71A7E3}.Debug|x64.Deploy.0 = Debug|x64
		{2DC7D4A3-8346-443E-86BD-E4B37D71A7E3}.Release|Win32.ActiveCfg = Release|Win32
		{2DC7D4A3-8346-443E-86BD-E4B37D71A7E3}.Release|Win32.Build.0 = Release|Win32
		{2DC7D4A3-8346-443E-86BD-E4B37D71A7E3}.Release|Win32.Deploy.0 = Release|Win32
		{2DC7D4A3-8346-443E-86BD-E4B37D71A7E3}.Release|x64.ActiveCfg = Release|x64
		{2DC7D4A3-8346-443E-86BD-E4B37D71A7E3}.Release|x64.Build.0 = Release|x64
		{2DC7D4A3-8346-443E-86BD-E4B37D71A7E3}.Release|x64.Deploy.0 = Release|x64
		{46BEAE45-754C-4220-A380-37A5EC28DDC0}.Debug|Win32.ActiveCfg = Debug|Win32
		{46BEAE45-754C-4220-A380-37A5EC28DDC0}.Debug|Win32.Build.0 = Debug|Win32
		{46BEAE45-754C-4220-A380-37A5EC28DDC0}.Debug|Win32.Deploy.0 = Debug|Win32
		{46BEAE45-754C-4220-A380-37A5EC28DDC0}.Debug|x64.ActiveCfg = Debug|x64
		{46BEAE45-754C-4220-A380-37A5EC28DDC0}.Debug|x64.Build.0 = Debug|x64
		{46BEAE45-754C-4220-A380-37A5EC28DDC0}.Debug|x64.Deploy.0 = Debug|x64
		{46BEAE45-754C-4220-A380-37A5EC28DDC0}.Release|Win32.ActiveCfg = Release|Win32
		{46BEAE45-754C-4220-A380-37A5EC28DDC0}.Release|Win32.Build.0 = Release|Win32
		{46BEAE45-754C-4220-A380-37A5EC28DDC0}.Release|Win32.Deploy.0 = Release|Win32
		{46BEAE45-754C-4220-A380-37A5EC28DDC0}.Release|x64.ActiveCfg = Release|x64
		{46BEAE45-754C-4220-A380-37A5EC28DDC0}.Release|x64.Build.0 = Release|x64
		{46BEAE45-754C-4220-A380-37A5EC28DDC0}.Release|x64.Deploy.0 = Release|x64
		{A31F151B-DCAA-4BC5-891F-9ED310EE79DA}.Debug|Win32.ActiveCfg = Debug|Win32
		{A31F151B-DCAA-4BC5-891F-9ED310EE79DA}.Debug|Win32.Build.0 = Debug|Win32
		{A31F151B-DCAA-4BC5-891F-9ED310EE79DA}.Debug|Win32.Deploy.0 = Debug|Win32
		{A31F151B-DCAA-4BC5-891F-9ED310EE79DA}.Debug|x64.ActiveCfg = Debug|x64
		{A31F151B-DCAA-4BC5-891F-9ED310EE79DA}.Debug|x64.Build.0 = Debug|x64
		{A31F151B-DCAA-4BC5-891F-9ED310EE79DA}.Debug|x64.Deploy.0 = Debug|x64
		{A31F151B-DCAA-4BC5-891F-9ED310EE79DA}.Release|Win32.ActiveCfg = Release|Win32
		{A31F151B-DCAA-4BC5-891F-9ED310EE79DA}.Release|Win32.Build.0 = Release|Win32
		{A31F151B-DCAA-4BC5-891F-9ED310EE79DA}.Release|Win32.Deploy.0 = Release|Win32
		{A31F151B-DCAA-4BC5-891F-9ED310EE79DA}.Release|x64.ActiveCfg = Release|x64
		{A31F151B-DCAA-4BC5-891F-9ED310EE79DA}.Release|x64.Build.0 = Release|x64
		{A31F151B-DCAA-4BC5-891F-9ED310EE79DA}.Release|x64.Deploy.0 = Release|x64
		{37F410E2-8A61-4CAF-B2D8-A4E3CA93EF9E}.Debug|Win32.ActiveCfg = Debug|Win32
		{37F410E2-8A61-4CAF-B2D8-A4E3CA93EF9E}.Debug|Win32.Build.0 = Debug|Win32
		{37F410E2-8A61-4CAF-B2D8-A4E3CA93EF9E}.Debug|Win32.Deploy.0 = Debug|Win32
		{37F410E2-8A61-4CAF-B2D8-A4E3CA93EF9E}.Debug|x64.ActiveCfg = Debug|x64
		{37F410E2-8A61-4CAF-B2D8-A4E3CA93EF9E}.Debug|x64.Build.0 = Debug|x64
		{37F410E2-8A61-4CAF-B2D8-A4E3CA93EF9E}.Debug|x64.Deploy.0 = Debug|x64
		{37F410E2-8A61-4CAF-B2D8-A4E3CA93EF9E}.Release|Win32.ActiveCfg = Release|Win32
		{37F410E2-8A61-4CAF-B2D8-A4E3CA93EF9E}.Release|Win32.Build.0 = Release|Win32
		{37F410E2-8A61-4CAF-B2D8-A4E3CA93EF9E}.Release|Win32.Deploy.0 = Release|Win32
		{37F410E2-8A61-4CAF-B2D8-A4E3CA93EF9E}.Release|x64.ActiveCfg = Release|x64
		{37F410E2-8A61-4CAF-B2D8-A4E3CA93EF9E}.Release|x64.Build.0 = Release|x64
		{37F410E2-8A61-4CAF-B2D8-A4E3CA93EF9E}.Release|x64.Deploy.0 = Release|x64
		{D93CD9EE-DC48-43D1-9901-03D3BCD03946}.Debug|Win32.ActiveCfg = Debug|Win32
		{D93CD9EE-DC48-43D1-9901-03D3BCD03946}.Debug|Win32.Build.0 = Debug|Win32
		{D93CD9EE-DC48-43D1-9901-03D3BCD03946}.Debug|Win32.Deploy.0 = Debug|Win32
		{D93CD9EE-DC48-43D1-9901-03D3BCD03946}.Debug|x64.ActiveCfg = Debug|x64
		{D93CD9EE-DC48-43D1-9901-03D3BCD03946}.Debug|x64.Build.0 = Debug|x64
		{D93CD9EE-DC48-43D1-9901-03D3BCD03946}.Debug|x64.Deploy.0 = Debug|x64
		{D93CD9EE-DC48-43D1-9901-03D3BCD03946}.Release|Win32.ActiveCfg = Release|Win32
		{D93CD9EE-DC48-43D1-9901-03D3BCD03946}.Release|Win32.Build.0 = Release|Win32
		{D93CD9EE-DC48-43D1-9901-03D3BCD03946}.Release|Win32.Deploy.0 = Release|Win32
		{D93CD9EE-DC48-43D1-9901-03D3BCD03946}.Release|x64.ActiveCfg = Release|x64
		{D93CD9EE-DC48-43D1-9901-03D3BCD03946}.Release|x64.Build.0 = Release|x64
		{D93CD9EE-DC48-43D1-9901-03D3BCD03946}.Release|x64.Deploy.0 = Release|x64
		{2695D42F-AC1D-4940-A2B9-16A79EFCE4CE}.Debug|Win32.ActiveCfg = Debug|Win32
		{2695D42F-AC1D-4940-A2B9-16A79EFCE4CE}.Debug|Win32.Build.0 = Debug|Win32
		{2695D42F-AC1D-4940-A2B9-16A79EFCE4CE}.Debug|Win32.Deploy.0 = Debug|Win32
		{2695D42F-AC1D-4940-A2B9-16A79EFCE4CE}.Debug|x64.ActiveCfg = Debug|x64
		{2695D42F-AC1D-4940-A2B9-16A79EFCE4CE}.Debug|x64.Build.0 = Debug|x64
		{2695D42F-AC1D-4940-A2B9-16A79EFCE4CE}.Debug|x64.Deploy.0 = Debug|x64
		{2695D42F-AC1D-4940-A2B9-16A79EFCE4CE}.Release|Win32.ActiveCfg = Release|Win32
		{2695D42F-AC1D-4940-A2B9-16A79EFCE4CE}.Release|Win32.Build.0 = Release|Win32
		{2695D42F-AC1D-4940-A2B9-16A79EFCE4CE}.Release|Win32.Deploy.0 = Release|Win32
		{2695D42F-AC1D-4940-A2B9-16A79EFCE4CE}.Release|x64.ActiveCfg = Release|x64
		{2695D42F-AC1D-4940-A2B9-16A79EFCE4CE}.Release|x64.Build.0 = Release|x64
		{2695D42F-AC1D-4940-A2B9-16A79EFCE4CE}.Release|x64.Deploy.0 = Release|x64
		{271FFC34-DE39-4824-8C2E-5BA09BF327D1}.Debug|Win32.ActiveCfg = Debug|Win32
		{271FFC34-DE39-4824-8C2E-5BA09BF327D1}.Debug|Win32.Build.0 = Debug|Win32
		{271FFC34-DE39-4824-8C2E-5BA09BF327D1}.Debug|Win32.Deploy.0 = Debug|Win32
		{271FFC34-DE39-4824-8C2E-5BA09BF327D1}.Debug|x64.ActiveCfg = Debug|x64
		{271FFC34-DE39-4824-8C2E-5BA09BF327D1}.Debug|x64.Build.0 = Debug|x64
		{271FFC34-DE39-4824-8C2E-5BA09BF327D1}.Debug|x64.Deploy.0 = Debug|x64
		{271FFC34-DE39-4824-8C2E-5BA09BF327D1}.Release|Win32.ActiveCfg = Release|Win32
		{271FFC34-DE39-4824-8C2E-5BA09BF327D1}.Release|Win32.Build.0 = Release|Win32
		{271FFC34-DE39-4824-8C2E-5BA09BF327D1}.Release|Win32.Deploy.0 = Release|Win32
		{271FFC34-DE39-4824-8C2E-5BA09BF327D1}.Release|x64.ActiveCfg = Release|x64
		{271FFC34-DE39-4824-8C2E-5BA09BF327D1}.Release|x64.Build.0 = Release|x64
		{271FFC34-DE39-4824-8C2E-5BA09BF327D1}.Release|x64.Deploy.0 = Release|x64
		{872DC3AD-3A0E-45C9-983D-B87790B10664}.Debug|Win32.ActiveCfg = Debug|Win32
		{872DC3AD-3A0E-45C9-983D-B87790B10664}.Debug|Win32.Build.0 = Debug|Win32
		{872DC3AD-3A0E-45C9-983D-B87790B10664}.Debug|Win32.Deploy.0 = Debug|Win32
		{872DC3AD-3A0E-45C9-983D-B87790B10664}.Debug|x64.ActiveCfg = Debug|x64
		{872DC3AD-3A0E-45C9-983D-B87790B10664}.Debug|x64.Build.0 = Debug|x64
		{872DC3AD-3A0E-45C9-983D-B87790B10664}.Debug|x64.Deploy.0 = Debug|x64
		{872DC3AD-3A0E-45C9-983D-B87790B10664}.Release|Win32.ActiveCfg = Release|Win32
		{872DC3AD-3A0E-45C9-983D-B87790B10664}.Release|Win32.Build.0 = Release|Win32
		{872DC3AD-3A0E-45C9-983D-B87790B10664}.Release|Win32.Deploy.0 = Release|Win32
		{872DC3AD-3A0E-45C9-983D-B87790B10664}.Release|x64.ActiveCfg = Release|x64
		{872DC3AD-3A0E-45C9-983D-B87790B10664}.Release|x64.Build.0 = Release|x64
		{872DC3AD-3A0E-45C9-983D-B87790B10664}.Release|x64.Deploy.0 = Release|x64
		{C239F6A1-3909-4E30-A480-16800E9B11E6}.Debug|Win32.ActiveCfg = Debug|Win32
		{C239F6A1-3909-4E30-A480-16800E9B11E6}.Debug|Win32.Build.0 = Debug|Win32
		{C239F6A1-3909-4E30-A480-16800E9B11E6}.Debug|Win32.Deploy.0 = Debug|Win32
		{C239F6A1-3909-4E30-A480-16800E9B11E6}.Debug|x64.ActiveCfg = Debug|x64
		{C239F6A1-3909-4E30-A480-16800E9B11E6}.Debug|x64.Build.0 = Debug|x64
		{C239F6A1-3909-4E30-A480-16800E9B11E6}.Debug|x64.Deploy.0 = Debug|x64
		{C239F6A1-3909-4E30-A480-16800E9B11E6}.Release|Win32.ActiveCfg = Release|Win32
		{C239F6A1-3909-4E30-A480-16800E9B11E6}.Release|Win32.Build.0 = Release|Win32
		{C239F6A1-3909-4E30-A480-16800E9B11E6}.Release|Win32.Deploy.0 = Release|Win32
		{C239F6A1-3909-4E30-A480-16800E9B11E6}.Release|x64.ActiveCfg = Release|x64
		{C239F6A1-3909-4E30-A480-16800E9B11E6}.Release|x64.Build.0 = Release|x64
		{C239F6A1-3909-4E30-A480-16800E9B11E6}.Release|x64.Deploy.0 = Release|x64
		{6423ADEB-54CE-41D3-B09A-203F204E4C7A}.Debug|Win32.ActiveCfg = Debug|Win32
		{6423ADEB-54CE-41D3-B09A-203F204E4C7A}.Debug|Win32.Build.0 = Debug|Win32
		{6423ADEB-54CE-41D3-B09A-203F204E4C7A}.Debug|Win32.Deploy.0 = Debug|Win32
		{6423ADEB-54CE-41D3-B09A-203F204E4C7A}.Debug|x64.ActiveCfg = Debug|x64
		{6423ADEB-54CE-41D3-B09A-203F204E4C7A}.Debug|x64.Build.0 = Debug|x64
		{6423ADEB-54CE-41D3-B09A-203F204E4C7A}.Debug|x64.Deploy.0 = Debug|x64
		{6423ADEB-54CE-41D3-B09A-203F204E4C7A}.Release|Win32.ActiveCfg = Release|Win32
		{6423ADEB-54CE-41D3-B09A-203F204E4C7A}.Release|Win32.Build.0 = Release|Win32
		{6423ADEB-54CE-41D3-B09A-203F204E4C7A}.Release|Win32.Deploy.0 = Release|Win32
		{6423ADEB-54CE-41D3-B09A-203F204E4C7A}.Release|x64.ActiveCfg = Release|x64
		{6423ADEB-54CE-41D3-B09A-203F204E4C7A}.Release|x64.Build.0 = Release|x64
		{6423ADEB-54CE-41D3-B09A-203F204E4C7A}.Release|x64.Deploy.0 = Release|x64
		{1D787DF9-9962-4247-8937-F150A6946703}.Debug|Win32.ActiveCfg = Debug|Win32
		{1D787DF9-9962-4247-8937-F150A6946703}.Debug|Win32.Build.0 = Debug|Win32
		{1D787DF9-9962-4247-8937-F150A6946703}.Debug|Win32.Deploy.0 = Debug|Win32
		{1D787DF9-9962-4247-8937-F150A6946703}.Debug|x64.ActiveCfg = Debug|x64
		{1D787DF9-9962-4247-8937-F150A6946703}.Debug|x64.Build.0 = Debug|x64
		{1D787DF9-9962-4247-8937-F150A6946703}.Debug|x64.Deploy.0 = Debug|x64
		{1D787DF9-9962-4247-8937-F150A6946703}.Release|Win32.ActiveCfg = Release|Win32
		{1D787DF9-9962-4247-8937-F150A6946703}.Release|Win32.Build.0 = Release|Win32
		{1D787DF9-9962-4247-8937-F150A6946703}.Release|Win32.Deploy.0 = Release|Win32
		{1D787DF9-9962-4247-8937-F150A6946703}.Release|x64.ActiveCfg = Release|x64
		{1D787DF9-9962-4247-8937-F150A6946703}.Release|x64.Build.0 = Release|x64
		{1D787DF9-9962-4247-8937-F150A6946703}.Release|x64.Deploy.0 = Release|x64
		{39DD1C74-740C-4F87-A734-3EE17FD4A22A}.Debug|Win32.ActiveCfg = Debug|Win32
		{39DD1C74-740C-4F87-A734-3EE17FD4A22A}.Debug|Win32.Build.0 = Debug|Win32
		{39DD1C74-740C-4F87-A734-3EE17FD4A22A}.Debug|Win32.Deploy.0 = Debug|Win32
		{39DD1C74-740C-4F87-A734-3EE17FD4A22A}.Debug|x64.ActiveCfg = Debug|x64
		{39DD1C74-740C-4F87-A734-3EE17FD4A22A}.Debug|x64.Build.0 = Debug|x64
		{39DD1C74-740C-4F87-A734-3EE17FD4A22A}.Debug|x64.Deploy.0 = Debug|x64
		{39DD1C74-740C-4F87-A734-3EE17FD4A22A}.Release|Win32.ActiveCfg = Release|Win32
		{39DD1C74-740C-4F87-A734-3EE17FD4A22A}.Release|Win32.Build.0 = Release|Win32
		{39DD1C74-740C-4F87-A734-3EE17FD4A22A}.Release|Win32.Deploy.0 = Release|Win32
		{39DD1C74-740C-4F87-A734-3EE17FD4A22A}.Release|x64.ActiveCfg = Release|x64
		{39DD1C74-740C-4F87-A734-3EE17FD4A22A}.Release|x64.Build.0 = Release|x64
		{39DD1C74-740C-4F87-A734-3EE17FD4A22A}.Release|x64.Deploy.0 = Release|x64
		{0C72B8E8-E398-4BB8-B88B-C44F5483FBF6}.Debug|Win32.ActiveCfg = Debug|Win32
		{0C72B8E8-E398-4BB8-B88B-C44F5483FBF6}.Debug|Win32.Build.0 = Debug|Win32
		{0C72B8E8-E398-4BB8-B88B-C44F5483FBF6}.Debug|Win32.Deploy.0 = Debug|Win32
		{0C72B8E8-E398-4BB8-B88B-C44F5483FBF6}.Debug|x64.ActiveCfg = Debug|x64
		{0C72B8E8-E398-4BB8-B88B-C44F5483FBF6}.Debug|x64.Build.0 = Debug|x64
		{0C72B8E8-E398-4BB8-B88B-C44F5483FBF6}.Debug|x64.Deploy.0 = Debug|x64
		{0C72B8E8-E398-4BB8-B88B-C44F5483FBF6}.Release|Win32.ActiveCfg = Release|Win32
		{0C72B8E8-E398-4BB8-B88B-C44F5483FBF6}.Release|Win32.Build.0 = Release|Win32
		{0C72B8E8-E398-4BB8-B88B-C44F5483FBF6}.Release|Win32.Deploy.0 = Release|Win32
		{0C72B8E8-E398-4BB8-B88B-C44F5483FBF6}.Release|x64.ActiveCfg = Release|x64
		{0C72B8E8-E398-4BB8-B88B-C44F5483FBF6}.Release|x64.Build.0 = Release|x64
		{0C72B8E8-E398-4BB8-B88B-C44F5483FBF6}.Release|x64.Deploy.0 = Release|x64
		{E93FA39E-0184-444F-AF16-A177500CF64F}.Debug|Win32.ActiveCfg = Debug|Win32
		{E93FA39E-0184-444F-AF16-A177500CF64F}.Debug|Win32.Build.0 = Debug|Win32
		{E93FA39E-0184-444F-AF16-A177500CF64F}.Debug|Win32.Deploy.0 = Debug|Win32
		{E93FA39E-0184-444F-AF16-A177500CF64F}.Debug|x64.ActiveCfg = Debug|x64
		{E93FA39E-0184-444F-AF16-A177500CF64F}.Debug|x64.Build.0 = Debug|x64
		{E93FA39E-0184-444F-AF16-A177500CF64F}.Debug|x64.Deploy.0 = Debug|x64
		{E93FA39E-0184-444F-AF16-A177500CF64F}.Release|Win32.ActiveCfg = Release|Win32
		{E93FA39E-0184-444F-AF16-A177500CF64F}.Release|Win32.Build.0 = Release|Win32
		{E93FA39E-0184-444F-AF16-A177500CF64F}.Release|Win32.Deploy.0 = Release|Win32
		{E93FA39E-0184-444F-AF16-A177500CF64F}.Release|x64.ActiveCfg = Release|x64
		{E93FA39E-0184-444F-AF16-A177500CF64F}.Release|x64.Build.0 = Release|x64
		{E93FA39E-0184-444F-AF16-A177500CF64F}.Release|x64.Deploy.0 = Release|x64
		{C0D79621-31EA-4C1B-BA06-2CB1528ACDAE}.Debug|Win32.ActiveCfg = Debug|Win32
		{C0D79621-31EA-4C1B-BA06-2CB1528ACDAE}.Debug|Win32.Build.0 = Debug|Win32
		{C0D79621-31EA-4C1B-BA06-2CB1528ACDAE}.Debug|Win32.Deploy.0 = Debug|Win32
		{C0D79621-31EA-4C1B-BA06-2CB1528ACDAE}.Debug|x64.ActiveCfg = Debug|x64
		{C0D79621-31EA-4C1B-BA06-2CB1528ACDAE}.Debug|x64.Build.0 = Debug|x64
		{C0D79621-31EA-4C1B-BA06-2CB1528ACDAE}.Debug|x64.Deploy.0 = Debug|x64
		{C0D79621-31EA-4C1B-BA06-2CB1528ACDAE}.Release|Win32.ActiveCfg = Release|Win32
		{C0D79621-31EA-4C1B-BA06-2CB1528ACDAE}.Release|Win32.Build.0 = Release|Win32
		{C0D79621-31EA-4C1B-BA06-2CB1528ACDAE}.Release|Win32.Deploy.0 = Release|Win32
		{C0D79621-31EA-4C1B-BA06-2CB1528ACDAE}.Release|x64.ActiveCfg = Release|x64
		{C0D79621-31EA-4C1B-BA06-2CB1528ACDAE}.Release|x64.Build.0 = Release|x64
		{C0D79621-31EA-4C1B-BA06-2CB1528ACDAE}.Release|x64.Deploy.0 = Release|x64
	EndGlobalSection
	GlobalSection(SolutionProperties) = preSolution
		HideSolutionNode = FALSE
	EndGlobalSection
EndGlobal
