
Microsoft Visual Studio Solution File, Format Version 11.00
# Visual Studio 15
Project("{8BC9CEB8-8B4A-11D0-8D11-00A0C91BC942}") = "3d", "3d.vcxproj", "{B392DB72-7FBD-48D0-BFFD-5622A7CB4802}"
EndProject
Project("{8BC9CEB8-8B4A-11D0-8D11-00A0C91BC942}") = "3d_multi", "3d_multi.vcxproj", "{B339C471-87DD-4F79-B173-2923DB8229A6}"
EndProject
Project("{8BC9CEB8-8B4A-11D0-8D11-00A0C91BC942}") = "event_parameter", "event_parameter.vcxproj", "{BAD52109-5162-4CBE-8EDB-80181C53119F}"
EndProject
Project("{8BC9CEB8-8B4A-11D0-8D11-00A0C91BC942}") = "load_banks", "load_banks.vcxproj", "{637FCABB-6219-4428-9D9C-484EC13CAD36}"
EndProject
Project("{8BC9CEB8-8B4A-11D0-8D11-00A0C91BC942}") = "music_callbacks", "music_callbacks.vcxproj", "{FB7415DC-6E76-47E5-B2A2-214873567990}"
EndProject
Project("{8BC9CEB8-8B4A-11D0-8D11-00A0C91BC942}") = "objectpan", "objectpan.vcxproj", "{71D1FB45-E0FE-40DE-AB3D-0D2794C57EF4}"
EndProject
Project("{8BC9CEB8-8B4A-11D0-8D11-00A0C91BC942}") = "programmer_sound", "programmer_sound.vcxproj", "{5F086828-6973-444E-8896-A5D46B0DF23C}"
EndProject
Project("{8BC9CEB8-8B4A-11D0-8D11-00A0C91BC942}") = "recording_playback", "recording_playback.vcxproj", "{ACD15748-97B5-46BC-A007-CB86C746A195}"
EndProject
Project("{8BC9CEB8-8B4A-11D0-8D11-00A0C91BC942}") = "simple_event", "simple_event.vcxproj", "{35793A26-67FA-4077-BFDF-136338A4A781}"
EndProject
Global
	GlobalSection(SolutionConfigurationPlatforms) = preSolution
		Debug|Win32 = Debug|Win32
		Debug|x64 = Debug|x64
		Release|Win32 = Release|Win32
		Release|x64 = Release|x64
	EndGlobalSection
	GlobalSection(ProjectConfigurationPlatforms) = postSolution
		{B392DB72-7FBD-48D0-BFFD-5622A7CB4802}.Debug|Win32.ActiveCfg = Debug|Win32
		{B392DB72-7FBD-48D0-BFFD-5622A7CB4802}.Debug|Win32.Build.0 = Debug|Win32
		{B392DB72-7FBD-48D0-BFFD-5622A7CB4802}.Debug|Win32.Deploy.0 = Debug|Win32
		{B392DB72-7FBD-48D0-BFFD-5622A7CB4802}.Debug|x64.ActiveCfg = Debug|x64
		{B392DB72-7FBD-48D0-BFFD-5622A7CB4802}.Debug|x64.Build.0 = Debug|x64
		{B392DB72-7FBD-48D0-BFFD-5622A7CB4802}.Debug|x64.Deploy.0 = Debug|x64
		{B392DB72-7FBD-48D0-BFFD-5622A7CB4802}.Release|Win32.ActiveCfg = Release|Win32
		{B392DB72-7FBD-48D0-BFFD-5622A7CB4802}.Release|Win32.Build.0 = Release|Win32
		{B392DB72-7FBD-48D0-BFFD-5622A7CB4802}.Release|Win32.Deploy.0 = Release|Win32
		{B392DB72-7FBD-48D0-BFFD-5622A7CB4802}.Release|x64.ActiveCfg = Release|x64
		{B392DB72-7FBD-48D0-BFFD-5622A7CB4802}.Release|x64.Build.0 = Release|x64
		{B392DB72-7FBD-48D0-BFFD-5622A7CB4802}.Release|x64.Deploy.0 = Release|x64
		{B339C471-87DD-4F79-B173-2923DB8229A6}.Debug|Win32.ActiveCfg = Debug|Win32
		{B339C471-87DD-4F79-B173-2923DB8229A6}.Debug|Win32.Build.0 = Debug|Win32
		{B339C471-87DD-4F79-B173-2923DB8229A6}.Debug|Win32.Deploy.0 = Debug|Win32
		{B339C471-87DD-4F79-B173-2923DB8229A6}.Debug|x64.ActiveCfg = Debug|x64
		{B339C471-87DD-4F79-B173-2923DB8229A6}.Debug|x64.Build.0 = Debug|x64
		{B339C471-87DD-4F79-B173-2923DB8229A6}.Debug|x64.Deploy.0 = Debug|x64
		{B339C471-87DD-4F79-B173-2923DB8229A6}.Release|Win32.ActiveCfg = Release|Win32
		{B339C471-87DD-4F79-B173-2923DB8229A6}.Release|Win32.Build.0 = Release|Win32
		{B339C471-87DD-4F79-B173-2923DB8229A6}.Release|Win32.Deploy.0 = Release|Win32
		{B339C471-87DD-4F79-B173-2923DB8229A6}.Release|x64.ActiveCfg = Release|x64
		{B339C471-87DD-4F79-B173-2923DB8229A6}.Release|x64.Build.0 = Release|x64
		{B339C471-87DD-4F79-B173-2923DB8229A6}.Release|x64.Deploy.0 = Release|x64
		{BAD52109-5162-4CBE-8EDB-80181C53119F}.Debug|Win32.ActiveCfg = Debug|Win32
		{BAD52109-5162-4CBE-8EDB-80181C53119F}.Debug|Win32.Build.0 = Debug|Win32
		{BAD52109-5162-4CBE-8EDB-80181C53119F}.Debug|Win32.Deploy.0 = Debug|Win32
		{BAD52109-5162-4CBE-8EDB-80181C53119F}.Debug|x64.ActiveCfg = Debug|x64
		{BAD52109-5162-4CBE-8EDB-80181C53119F}.Debug|x64.Build.0 = Debug|x64
		{BAD52109-5162-4CBE-8EDB-80181C53119F}.Debug|x64.Deploy.0 = Debug|x64
		{BAD52109-5162-4CBE-8EDB-80181C53119F}.Release|Win32.ActiveCfg = Release|Win32
		{BAD52109-5162-4CBE-8EDB-80181C53119F}.Release|Win32.Build.0 = Release|Win32
		{BAD52109-5162-4CBE-8EDB-80181C53119F}.Release|Win32.Deploy.0 = Release|Win32
		{BAD52109-5162-4CBE-8EDB-80181C53119F}.Release|x64.ActiveCfg = Release|x64
		{BAD52109-5162-4CBE-8EDB-80181C53119F}.Release|x64.Build.0 = Release|x64
		{BAD52109-5162-4CBE-8EDB-80181C53119F}.Release|x64.Deploy.0 = Release|x64
		{637FCABB-6219-4428-9D9C-484EC13CAD36}.Debug|Win32.ActiveCfg = Debug|Win32
		{637FCABB-6219-4428-9D9C-484EC13CAD36}.Debug|Win32.Build.0 = Debug|Win32
		{637FCABB-6219-4428-9D9C-484EC13CAD36}.Debug|Win32.Deploy.0 = Debug|Win32
		{637FCABB-6219-4428-9D9C-484EC13CAD36}.Debug|x64.ActiveCfg = Debug|x64
		{637FCABB-6219-4428-9D9C-484EC13CAD36}.Debug|x64.Build.0 = Debug|x64
		{637FCABB-6219-4428-9D9C-484EC13CAD36}.Debug|x64.Deploy.0 = Debug|x64
		{637FCABB-6219-4428-9D9C-484EC13CAD36}.Release|Win32.ActiveCfg = Release|Win32
		{637FCABB-6219-4428-9D9C-484EC13CAD36}.Release|Win32.Build.0 = Release|Win32
		{637FCABB-6219-4428-9D9C-484EC13CAD36}.Release|Win32.Deploy.0 = Release|Win32
		{637FCABB-6219-4428-9D9C-484EC13CAD36}.Release|x64.ActiveCfg = Release|x64
		{637FCABB-6219-4428-9D9C-484EC13CAD36}.Release|x64.Build.0 = Release|x64
		{637FCABB-6219-4428-9D9C-484EC13CAD36}.Release|x64.Deploy.0 = Release|x64
		{FB7415DC-6E76-47E5-B2A2-214873567990}.Debug|Win32.ActiveCfg = Debug|Win32
		{FB7415DC-6E76-47E5-B2A2-214873567990}.Debug|Win32.Build.0 = Debug|Win32
		{FB7415DC-6E76-47E5-B2A2-214873567990}.Debug|Win32.Deploy.0 = Debug|Win32
		{FB7415DC-6E76-47E5-B2A2-214873567990}.Debug|x64.ActiveCfg = Debug|x64
		{FB7415DC-6E76-47E5-B2A2-214873567990}.Debug|x64.Build.0 = Debug|x64
		{FB7415DC-6E76-47E5-B2A2-214873567990}.Debug|x64.Deploy.0 = Debug|x64
		{FB7415DC-6E76-47E5-B2A2-214873567990}.Release|Win32.ActiveCfg = Release|Win32
		{FB7415DC-6E76-47E5-B2A2-214873567990}.Release|Win32.Build.0 = Release|Win32
		{FB7415DC-6E76-47E5-B2A2-214873567990}.Release|Win32.Deploy.0 = Release|Win32
		{FB7415DC-6E76-47E5-B2A2-214873567990}.Release|x64.ActiveCfg = Release|x64
		{FB7415DC-6E76-47E5-B2A2-214873567990}.Release|x64.Build.0 = Release|x64
		{FB7415DC-6E76-47E5-B2A2-214873567990}.Release|x64.Deploy.0 = Release|x64
		{71D1FB45-E0FE-40DE-AB3D-0D2794C57EF4}.Debug|Win32.ActiveCfg = Debug|Win32
		{71D1FB45-E0FE-40DE-AB3D-0D2794C57EF4}.Debug|Win32.Build.0 = Debug|Win32
		{71D1FB45-E0FE-40DE-AB3D-0D2794C57EF4}.Debug|Win32.Deploy.0 = Debug|Win32
		{71D1FB45-E0FE-40DE-AB3D-0D2794C57EF4}.Debug|x64.ActiveCfg = Debug|x64
		{71D1FB45-E0FE-40DE-AB3D-0D2794C57EF4}.Debug|x64.Build.0 = Debug|x64
		{71D1FB45-E0FE-40DE-AB3D-0D2794C57EF4}.Debug|x64.Deploy.0 = Debug|x64
		{71D1FB45-E0FE-40DE-AB3D-0D2794C57EF4}.Release|Win32.ActiveCfg = Release|Win32
		{71D1FB45-E0FE-40DE-AB3D-0D2794C57EF4}.Release|Win32.Build.0 = Release|Win32
		{71D1FB45-E0FE-40DE-AB3D-0D2794C57EF4}.Release|Win32.Deploy.0 = Release|Win32
		{71D1FB45-E0FE-40DE-AB3D-0D2794C57EF4}.Release|x64.ActiveCfg = Release|x64
		{71D1FB45-E0FE-40DE-AB3D-0D2794C57EF4}.Release|x64.Build.0 = Release|x64
		{71D1FB45-E0FE-40DE-AB3D-0D2794C57EF4}.Release|x64.Deploy.0 = Release|x64
		{5F086828-6973-444E-8896-A5D46B0DF23C}.Debug|Win32.ActiveCfg = Debug|Win32
		{5F086828-6973-444E-8896-A5D46B0DF23C}.Debug|Win32.Build.0 = Debug|Win32
		{5F086828-6973-444E-8896-A5D46B0DF23C}.Debug|Win32.Deploy.0 = Debug|Win32
		{5F086828-6973-444E-8896-A5D46B0DF23C}.Debug|x64.ActiveCfg = Debug|x64
		{5F086828-6973-444E-8896-A5D46B0DF23C}.Debug|x64.Build.0 = Debug|x64
		{5F086828-6973-444E-8896-A5D46B0DF23C}.Debug|x64.Deploy.0 = Debug|x64
		{5F086828-6973-444E-8896-A5D46B0DF23C}.Release|Win32.ActiveCfg = Release|Win32
		{5F086828-6973-444E-8896-A5D46B0DF23C}.Release|Win32.Build.0 = Release|Win32
		{5F086828-6973-444E-8896-A5D46B0DF23C}.Release|Win32.Deploy.0 = Release|Win32
		{5F086828-6973-444E-8896-A5D46B0DF23C}.Release|x64.ActiveCfg = Release|x64
		{5F086828-6973-444E-8896-A5D46B0DF23C}.Release|x64.Build.0 = Release|x64
		{5F086828-6973-444E-8896-A5D46B0DF23C}.Release|x64.Deploy.0 = Release|x64
		{ACD15748-97B5-46BC-A007-CB86C746A195}.Debug|Win32.ActiveCfg = Debug|Win32
		{ACD15748-97B5-46BC-A007-CB86C746A195}.Debug|Win32.Build.0 = Debug|Win32
		{ACD15748-97B5-46BC-A007-CB86C746A195}.Debug|Win32.Deploy.0 = Debug|Win32
		{ACD15748-97B5-46BC-A007-CB86C746A195}.Debug|x64.ActiveCfg = Debug|x64
		{ACD15748-97B5-46BC-A007-CB86C746A195}.Debug|x64.Build.0 = Debug|x64
		{ACD15748-97B5-46BC-A007-CB86C746A195}.Debug|x64.Deploy.0 = Debug|x64
		{ACD15748-97B5-46BC-A007-CB86C746A195}.Release|Win32.ActiveCfg = Release|Win32
		{ACD15748-97B5-46BC-A007-CB86C746A195}.Release|Win32.Build.0 = Release|Win32
		{ACD15748-97B5-46BC-A007-CB86C746A195}.Release|Win32.Deploy.0 = Release|Win32
		{ACD15748-97B5-46BC-A007-CB86C746A195}.Release|x64.ActiveCfg = Release|x64
		{ACD15748-97B5-46BC-A007-CB86C746A195}.Release|x64.Build.0 = Release|x64
		{ACD15748-97B5-46BC-A007-CB86C746A195}.Release|x64.Deploy.0 = Release|x64
		{35793A26-67FA-4077-BFDF-136338A4A781}.Debug|Win32.ActiveCfg = Debug|Win32
		{35793A26-67FA-4077-BFDF-136338A4A781}.Debug|Win32.Build.0 = Debug|Win32
		{35793A26-67FA-4077-BFDF-136338A4A781}.Debug|Win32.Deploy.0 = Debug|Win32
		{35793A26-67FA-4077-BFDF-136338A4A781}.Debug|x64.ActiveCfg = Debug|x64
		{35793A26-67FA-4077-BFDF-136338A4A781}.Debug|x64.Build.0 = Debug|x64
		{35793A26-67FA-4077-BFDF-136338A4A781}.Debug|x64.Deploy.0 = Debug|x64
		{35793A26-67FA-4077-BFDF-136338A4A781}.Release|Win32.ActiveCfg = Release|Win32
		{35793A26-67FA-4077-BFDF-136338A4A781}.Release|Win32.Build.0 = Release|Win32
		{35793A26-67FA-4077-BFDF-136338A4A781}.Release|Win32.Deploy.0 = Release|Win32
		{35793A26-67FA-4077-BFDF-136338A4A781}.Release|x64.ActiveCfg = Release|x64
		{35793A26-67FA-4077-BFDF-136338A4A781}.Release|x64.Build.0 = Release|x64
		{35793A26-67FA-4077-BFDF-136338A4A781}.Release|x64.Deploy.0 = Release|x64
	EndGlobalSection
	GlobalSection(SolutionProperties) = preSolution
		HideSolutionNode = FALSE
	EndGlobalSection
EndGlobal
