
Microsoft Visual Studio Solution File, Format Version 11.00
# Visual Studio 14
Project("{8BC9CEB8-8B4A-11D0-8D11-00A0C91BC942}") = "3d", "3d.vcxproj", "{2D9C2348-4422-4FDF-AF50-92709ADF57F2}"
EndProject
Project("{8BC9CEB8-8B4A-11D0-8D11-00A0C91BC942}") = "3d_multi", "3d_multi.vcxproj", "{C3509D96-A06B-4EC1-90BF-EEB93FBCB0A8}"
EndProject
Project("{8BC9CEB8-8B4A-11D0-8D11-00A0C91BC942}") = "event_parameter", "event_parameter.vcxproj", "{FBDE9F60-3737-4BB8-A012-9D7A2BBC3F11}"
EndProject
Project("{8BC9CEB8-8B4A-11D0-8D11-00A0C91BC942}") = "load_banks", "load_banks.vcxproj", "{FA6C7C12-51FD-4851-982C-DA30586E8309}"
EndProject
Project("{8BC9CEB8-8B4A-11D0-8D11-00A0C91BC942}") = "music_callbacks", "music_callbacks.vcxproj", "{C4BF2EE8-93BF-4F31-8523-BC4001E00A16}"
EndProject
Project("{8BC9CEB8-8B4A-11D0-8D11-00A0C91BC942}") = "objectpan", "objectpan.vcxproj", "{3517E5E1-A03E-41A2-B193-8ABE6B3320CD}"
EndProject
Project("{8BC9CEB8-8B4A-11D0-8D11-00A0C91BC942}") = "programmer_sound", "programmer_sound.vcxproj", "{9A4BBC8E-42EF-4F02-B3EF-E2E96AA1EB5C}"
EndProject
Project("{8BC9CEB8-8B4A-11D0-8D11-00A0C91BC942}") = "recording_playback", "recording_playback.vcxproj", "{46AE8031-28C0-4281-8046-80C02410662A}"
EndProject
Project("{8BC9CEB8-8B4A-11D0-8D11-00A0C91BC942}") = "simple_event", "simple_event.vcxproj", "{62D61113-F3DD-49F7-870A-37042A875ADE}"
EndProject
Global
	GlobalSection(SolutionConfigurationPlatforms) = preSolution
		Debug|Win32 = Debug|Win32
		Debug|x64 = Debug|x64
		Release|Win32 = Release|Win32
		Release|x64 = Release|x64
	EndGlobalSection
	GlobalSection(ProjectConfigurationPlatforms) = postSolution
		{2D9C2348-4422-4FDF-AF50-92709ADF57F2}.Debug|Win32.ActiveCfg = Debug|Win32
		{2D9C2348-4422-4FDF-AF50-92709ADF57F2}.Debug|Win32.Build.0 = Debug|Win32
		{2D9C2348-4422-4FDF-AF50-92709ADF57F2}.Debug|Win32.Deploy.0 = Debug|Win32
		{2D9C2348-4422-4FDF-AF50-92709ADF57F2}.Debug|x64.ActiveCfg = Debug|x64
		{2D9C2348-4422-4FDF-AF50-92709ADF57F2}.Debug|x64.Build.0 = Debug|x64
		{2D9C2348-4422-4FDF-AF50-92709ADF57F2}.Debug|x64.Deploy.0 = Debug|x64
		{2D9C2348-4422-4FDF-AF50-92709ADF57F2}.Release|Win32.ActiveCfg = Release|Win32
		{2D9C2348-4422-4FDF-AF50-92709ADF57F2}.Release|Win32.Build.0 = Release|Win32
		{2D9C2348-4422-4FDF-AF50-92709ADF57F2}.Release|Win32.Deploy.0 = Release|Win32
		{2D9C2348-4422-4FDF-AF50-92709ADF57F2}.Release|x64.ActiveCfg = Release|x64
		{2D9C2348-4422-4FDF-AF50-92709ADF57F2}.Release|x64.Build.0 = Release|x64
		{2D9C2348-4422-4FDF-AF50-92709ADF57F2}.Release|x64.Deploy.0 = Release|x64
		{C3509D96-A06B-4EC1-90BF-EEB93FBCB0A8}.Debug|Win32.ActiveCfg = Debug|Win32
		{C3509D96-A06B-4EC1-90BF-EEB93FBCB0A8}.Debug|Win32.Build.0 = Debug|Win32
		{C3509D96-A06B-4EC1-90BF-EEB93FBCB0A8}.Debug|Win32.Deploy.0 = Debug|Win32
		{C3509D96-A06B-4EC1-90BF-EEB93FBCB0A8}.Debug|x64.ActiveCfg = Debug|x64
		{C3509D96-A06B-4EC1-90BF-EEB93FBCB0A8}.Debug|x64.Build.0 = Debug|x64
		{C3509D96-A06B-4EC1-90BF-EEB93FBCB0A8}.Debug|x64.Deploy.0 = Debug|x64
		{C3509D96-A06B-4EC1-90BF-EEB93FBCB0A8}.Release|Win32.ActiveCfg = Release|Win32
		{C3509D96-A06B-4EC1-90BF-EEB93FBCB0A8}.Release|Win32.Build.0 = Release|Win32
		{C3509D96-A06B-4EC1-90BF-EEB93FBCB0A8}.Release|Win32.Deploy.0 = Release|Win32
		{C3509D96-A06B-4EC1-90BF-EEB93FBCB0A8}.Release|x64.ActiveCfg = Release|x64
		{C3509D96-A06B-4EC1-90BF-EEB93FBCB0A8}.Release|x64.Build.0 = Release|x64
		{C3509D96-A06B-4EC1-90BF-EEB93FBCB0A8}.Release|x64.Deploy.0 = Release|x64
		{FBDE9F60-3737-4BB8-A012-9D7A2BBC3F11}.Debug|Win32.ActiveCfg = Debug|Win32
		{FBDE9F60-3737-4BB8-A012-9D7A2BBC3F11}.Debug|Win32.Build.0 = Debug|Win32
		{FBDE9F60-3737-4BB8-A012-9D7A2BBC3F11}.Debug|Win32.Deploy.0 = Debug|Win32
		{FBDE9F60-3737-4BB8-A012-9D7A2BBC3F11}.Debug|x64.ActiveCfg = Debug|x64
		{FBDE9F60-3737-4BB8-A012-9D7A2BBC3F11}.Debug|x64.Build.0 = Debug|x64
		{FBDE9F60-3737-4BB8-A012-9D7A2BBC3F11}.Debug|x64.Deploy.0 = Debug|x64
		{FBDE9F60-3737-4BB8-A012-9D7A2BBC3F11}.Release|Win32.ActiveCfg = Release|Win32
		{FBDE9F60-3737-4BB8-A012-9D7A2BBC3F11}.Release|Win32.Build.0 = Release|Win32
		{FBDE9F60-3737-4BB8-A012-9D7A2BBC3F11}.Release|Win32.Deploy.0 = Release|Win32
		{FBDE9F60-3737-4BB8-A012-9D7A2BBC3F11}.Release|x64.ActiveCfg = Release|x64
		{FBDE9F60-3737-4BB8-A012-9D7A2BBC3F11}.Release|x64.Build.0 = Release|x64
		{FBDE9F60-3737-4BB8-A012-9D7A2BBC3F11}.Release|x64.Deploy.0 = Release|x64
		{FA6C7C12-51FD-4851-982C-DA30586E8309}.Debug|Win32.ActiveCfg = Debug|Win32
		{FA6C7C12-51FD-4851-982C-DA30586E8309}.Debug|Win32.Build.0 = Debug|Win32
		{FA6C7C12-51FD-4851-982C-DA30586E8309}.Debug|Win32.Deploy.0 = Debug|Win32
		{FA6C7C12-51FD-4851-982C-DA30586E8309}.Debug|x64.ActiveCfg = Debug|x64
		{FA6C7C12-51FD-4851-982C-DA30586E8309}.Debug|x64.Build.0 = Debug|x64
		{FA6C7C12-51FD-4851-982C-DA30586E8309}.Debug|x64.Deploy.0 = Debug|x64
		{FA6C7C12-51FD-4851-982C-DA30586E8309}.Release|Win32.ActiveCfg = Release|Win32
		{FA6C7C12-51FD-4851-982C-DA30586E8309}.Release|Win32.Build.0 = Release|Win32
		{FA6C7C12-51FD-4851-982C-DA30586E8309}.Release|Win32.Deploy.0 = Release|Win32
		{FA6C7C12-51FD-4851-982C-DA30586E8309}.Release|x64.ActiveCfg = Release|x64
		{FA6C7C12-51FD-4851-982C-DA30586E8309}.Release|x64.Build.0 = Release|x64
		{FA6C7C12-51FD-4851-982C-DA30586E8309}.Release|x64.Deploy.0 = Release|x64
		{C4BF2EE8-93BF-4F31-8523-BC4001E00A16}.Debug|Win32.ActiveCfg = Debug|Win32
		{C4BF2EE8-93BF-4F31-8523-BC4001E00A16}.Debug|Win32.Build.0 = Debug|Win32
		{C4BF2EE8-93BF-4F31-8523-BC4001E00A16}.Debug|Win32.Deploy.0 = Debug|Win32
		{C4BF2EE8-93BF-4F31-8523-BC4001E00A16}.Debug|x64.ActiveCfg = Debug|x64
		{C4BF2EE8-93BF-4F31-8523-BC4001E00A16}.Debug|x64.Build.0 = Debug|x64
		{C4BF2EE8-93BF-4F31-8523-BC4001E00A16}.Debug|x64.Deploy.0 = Debug|x64
		{C4BF2EE8-93BF-4F31-8523-BC4001E00A16}.Release|Win32.ActiveCfg = Release|Win32
		{C4BF2EE8-93BF-4F31-8523-BC4001E00A16}.Release|Win32.Build.0 = Release|Win32
		{C4BF2EE8-93BF-4F31-8523-BC4001E00A16}.Release|Win32.Deploy.0 = Release|Win32
		{C4BF2EE8-93BF-4F31-8523-BC4001E00A16}.Release|x64.ActiveCfg = Release|x64
		{C4BF2EE8-93BF-4F31-8523-BC4001E00A16}.Release|x64.Build.0 = Release|x64
		{C4BF2EE8-93BF-4F31-8523-BC4001E00A16}.Release|x64.Deploy.0 = Release|x64
		{3517E5E1-A03E-41A2-B193-8ABE6B3320CD}.Debug|Win32.ActiveCfg = Debug|Win32
		{3517E5E1-A03E-41A2-B193-8ABE6B3320CD}.Debug|Win32.Build.0 = Debug|Win32
		{3517E5E1-A03E-41A2-B193-8ABE6B3320CD}.Debug|Win32.Deploy.0 = Debug|Win32
		{3517E5E1-A03E-41A2-B193-8ABE6B3320CD}.Debug|x64.ActiveCfg = Debug|x64
		{3517E5E1-A03E-41A2-B193-8ABE6B3320CD}.Debug|x64.Build.0 = Debug|x64
		{3517E5E1-A03E-41A2-B193-8ABE6B3320CD}.Debug|x64.Deploy.0 = Debug|x64
		{3517E5E1-A03E-41A2-B193-8ABE6B3320CD}.Release|Win32.ActiveCfg = Release|Win32
		{3517E5E1-A03E-41A2-B193-8ABE6B3320CD}.Release|Win32.Build.0 = Release|Win32
		{3517E5E1-A03E-41A2-B193-8ABE6B3320CD}.Release|Win32.Deploy.0 = Release|Win32
		{3517E5E1-A03E-41A2-B193-8ABE6B3320CD}.Release|x64.ActiveCfg = Release|x64
		{3517E5E1-A03E-41A2-B193-8ABE6B3320CD}.Release|x64.Build.0 = Release|x64
		{3517E5E1-A03E-41A2-B193-8ABE6B3320CD}.Release|x64.Deploy.0 = Release|x64
		{9A4BBC8E-42EF-4F02-B3EF-E2E96AA1EB5C}.Debug|Win32.ActiveCfg = Debug|Win32
		{9A4BBC8E-42EF-4F02-B3EF-E2E96AA1EB5C}.Debug|Win32.Build.0 = Debug|Win32
		{9A4BBC8E-42EF-4F02-B3EF-E2E96AA1EB5C}.Debug|Win32.Deploy.0 = Debug|Win32
		{9A4BBC8E-42EF-4F02-B3EF-E2E96AA1EB5C}.Debug|x64.ActiveCfg = Debug|x64
		{9A4BBC8E-42EF-4F02-B3EF-E2E96AA1EB5C}.Debug|x64.Build.0 = Debug|x64
		{9A4BBC8E-42EF-4F02-B3EF-E2E96AA1EB5C}.Debug|x64.Deploy.0 = Debug|x64
		{9A4BBC8E-42EF-4F02-B3EF-E2E96AA1EB5C}.Release|Win32.ActiveCfg = Release|Win32
		{9A4BBC8E-42EF-4F02-B3EF-E2E96AA1EB5C}.Release|Win32.Build.0 = Release|Win32
		{9A4BBC8E-42EF-4F02-B3EF-E2E96AA1EB5C}.Release|Win32.Deploy.0 = Release|Win32
		{9A4BBC8E-42EF-4F02-B3EF-E2E96AA1EB5C}.Release|x64.ActiveCfg = Release|x64
		{9A4BBC8E-42EF-4F02-B3EF-E2E96AA1EB5C}.Release|x64.Build.0 = Release|x64
		{9A4BBC8E-42EF-4F02-B3EF-E2E96AA1EB5C}.Release|x64.Deploy.0 = Release|x64
		{46AE8031-28C0-4281-8046-80C02410662A}.Debug|Win32.ActiveCfg = Debug|Win32
		{46AE8031-28C0-4281-8046-80C02410662A}.Debug|Win32.Build.0 = Debug|Win32
		{46AE8031-28C0-4281-8046-80C02410662A}.Debug|Win32.Deploy.0 = Debug|Win32
		{46AE8031-28C0-4281-8046-80C02410662A}.Debug|x64.ActiveCfg = Debug|x64
		{46AE8031-28C0-4281-8046-80C02410662A}.Debug|x64.Build.0 = Debug|x64
		{46AE8031-28C0-4281-8046-80C02410662A}.Debug|x64.Deploy.0 = Debug|x64
		{46AE8031-28C0-4281-8046-80C02410662A}.Release|Win32.ActiveCfg = Release|Win32
		{46AE8031-28C0-4281-8046-80C02410662A}.Release|Win32.Build.0 = Release|Win32
		{46AE8031-28C0-4281-8046-80C02410662A}.Release|Win32.Deploy.0 = Release|Win32
		{46AE8031-28C0-4281-8046-80C02410662A}.Release|x64.ActiveCfg = Release|x64
		{46AE8031-28C0-4281-8046-80C02410662A}.Release|x64.Build.0 = Release|x64
		{46AE8031-28C0-4281-8046-80C02410662A}.Release|x64.Deploy.0 = Release|x64
		{62D61113-F3DD-49F7-870A-37042A875ADE}.Debug|Win32.ActiveCfg = Debug|Win32
		{62D61113-F3DD-49F7-870A-37042A875ADE}.Debug|Win32.Build.0 = Debug|Win32
		{62D61113-F3DD-49F7-870A-37042A875ADE}.Debug|Win32.Deploy.0 = Debug|Win32
		{62D61113-F3DD-49F7-870A-37042A875ADE}.Debug|x64.ActiveCfg = Debug|x64
		{62D61113-F3DD-49F7-870A-37042A875ADE}.Debug|x64.Build.0 = Debug|x64
		{62D61113-F3DD-49F7-870A-37042A875ADE}.Debug|x64.Deploy.0 = Debug|x64
		{62D61113-F3DD-49F7-870A-37042A875ADE}.Release|Win32.ActiveCfg = Release|Win32
		{62D61113-F3DD-49F7-870A-37042A875ADE}.Release|Win32.Build.0 = Release|Win32
		{62D61113-F3DD-49F7-870A-37042A875ADE}.Release|Win32.Deploy.0 = Release|Win32
		{62D61113-F3DD-49F7-870A-37042A875ADE}.Release|x64.ActiveCfg = Release|x64
		{62D61113-F3DD-49F7-870A-37042A875ADE}.Release|x64.Build.0 = Release|x64
		{62D61113-F3DD-49F7-870A-37042A875ADE}.Release|x64.Deploy.0 = Release|x64
	EndGlobalSection
	GlobalSection(SolutionProperties) = preSolution
		HideSolutionNode = FALSE
	EndGlobalSection
EndGlobal
