
Microsoft Visual Studio Solution File, Format Version 11.00
# Visual Studio 2010
Project("{8BC9CEB8-8B4A-11D0-8D11-00A0C91BC942}") = "3d", "3d.vcxproj", "{B206A862-61AF-4085-A78B-321902BEA5FD}"
EndProject
Project("{8BC9CEB8-8B4A-11D0-8D11-00A0C91BC942}") = "asyncio", "asyncio.vcxproj", "{4FED9A4D-6937-4A53-BA74-7B2E84E0403D}"
EndProject
Project("{8BC9CEB8-8B4A-11D0-8D11-00A0C91BC942}") = "channel_groups", "channel_groups.vcxproj", "{ACC952E8-1E33-4C50-9BDD-B2366DDFEF19}"
EndProject
Project("{8BC9CEB8-8B4A-11D0-8D11-00A0C91BC942}") = "convolution_reverb", "convolution_reverb.vcxproj", "{0A731E71-B015-4028-BEE2-FC55AB853A61}"
EndProject
Project("{8BC9CEB8-8B4A-11D0-8D11-00A0C91BC942}") = "dsp_custom", "dsp_custom.vcxproj", "{A9292A1C-89C4-4FAA-A29D-AC25EC452124}"
EndProject
Project("{8BC9CEB8-8B4A-11D0-8D11-00A0C91BC942}") = "dsp_effect_per_speaker", "dsp_effect_per_speaker.vcxproj", "{A37419DB-5EFB-4633-BDF3-736F19CAB61D}"
EndProject
Project("{8BC9CEB8-8B4A-11D0-8D11-00A0C91BC942}") = "dsp_inspector", "dsp_inspector.vcxproj", "{80C2FA7B-7E2B-4708-B2D8-68DF50CD3EB8}"
EndProject
Project("{8BC9CEB8-8B4A-11D0-8D11-00A0C91BC942}") = "effects", "effects.vcxproj", "{47D5AF85-01DA-4DDB-9C90-04B54D1136B7}"
EndProject
Project("{8BC9CEB8-8B4A-11D0-8D11-00A0C91BC942}") = "gapless_playback", "gapless_playback.vcxproj", "{66EA4C11-3645-4294-87A9-2AB9E85E724E}"
EndProject
Project("{8BC9CEB8-8B4A-11D0-8D11-00A0C91BC942}") = "generate_tone", "generate_tone.vcxproj", "{CF69B39E-FDC6-4771-B10E-1A5D28E09067}"
EndProject
Project("{8BC9CEB8-8B4A-11D0-8D11-00A0C91BC942}") = "granular_synth", "granular_synth.vcxproj", "{9A05AF89-44DF-47F2-ACD1-CDC6C730FB81}"
EndProject
Project("{8BC9CEB8-8B4A-11D0-8D11-00A0C91BC942}") = "load_from_memory", "load_from_memory.vcxproj", "{90F536AD-2B02-40E1-99AF-68A2966506D4}"
EndProject
Project("{8BC9CEB8-8B4A-11D0-8D11-00A0C91BC942}") = "multiple_speaker", "multiple_speaker.vcxproj", "{3789C403-B7C8-406F-96CD-623187352C37}"
EndProject
Project("{8BC9CEB8-8B4A-11D0-8D11-00A0C91BC942}") = "multiple_system", "multiple_system.vcxproj", "{9AEA1384-65C7-43D1-B88D-413EB9609E01}"
EndProject
Project("{8BC9CEB8-8B4A-11D0-8D11-00A0C91BC942}") = "net_stream", "net_stream.vcxproj", "{4C9857F6-6E7D-439A-8FAD-31F76526CB72}"
EndProject
Project("{8BC9CEB8-8B4A-11D0-8D11-00A0C91BC942}") = "play_sound", "play_sound.vcxproj", "{B8706940-F1DA-4C34-9EAE-D3CF8CB858BB}"
EndProject
Project("{8BC9CEB8-8B4A-11D0-8D11-00A0C91BC942}") = "play_stream", "play_stream.vcxproj", "{D592B7E7-6B25-4482-9348-8033C2462896}"
EndProject
Project("{8BC9CEB8-8B4A-11D0-8D11-00A0C91BC942}") = "record", "record.vcxproj", "{52D748FE-B17F-4D04-B5C9-C65851AC5E32}"
EndProject
Project("{8BC9CEB8-8B4A-11D0-8D11-00A0C91BC942}") = "record_enumeration", "record_enumeration.vcxproj", "{2C5BCD5C-ACBB-42CD-879F-A3FBECA8D106}"
EndProject
Project("{8BC9CEB8-8B4A-11D0-8D11-00A0C91BC942}") = "user_created_sound", "user_created_sound.vcxproj", "{51DAFB3A-BE64-44F5-9E30-7C1446E2F1E5}"
EndProject
Project("{8BC9CEB8-8B4A-11D0-8D11-00A0C91BC942}") = "fmod_codec_raw", "fmod_codec_raw.vcxproj", "{9039FA14-D095-46CB-838E-CE6E70D76E35}"
EndProject
Project("{8BC9CEB8-8B4A-11D0-8D11-00A0C91BC942}") = "fmod_distance_filter", "fmod_distance_filter.vcxproj", "{A881C86E-FB69-4548-B815-19BDF2E79C56}"
EndProject
Project("{8BC9CEB8-8B4A-11D0-8D11-00A0C91BC942}") = "fmod_gain", "fmod_gain.vcxproj", "{E6A055BE-EE26-43E5-B8D5-05610754A8E0}"
EndProject
Project("{8BC9CEB8-8B4A-11D0-8D11-00A0C91BC942}") = "fmod_noise", "fmod_noise.vcxproj", "{4AD1A347-FFF2-4CDC-95A7-77C43B5063C0}"
EndProject
Project("{8BC9CEB8-8B4A-11D0-8D11-00A0C91BC942}") = "output_mp3", "output_mp3.vcxproj", "{92DAC9B9-D696-43A6-B001-3D9C69719487}"
EndProject
Global
	GlobalSection(SolutionConfigurationPlatforms) = preSolution
		Debug|Win32 = Debug|Win32
		Debug|x64 = Debug|x64
		Release|Win32 = Release|Win32
		Release|x64 = Release|x64
	EndGlobalSection
	GlobalSection(ProjectConfigurationPlatforms) = postSolution
		{B206A862-61AF-4085-A78B-321902BEA5FD}.Debug|Win32.ActiveCfg = Debug|Win32
		{B206A862-61AF-4085-A78B-321902BEA5FD}.Debug|Win32.Build.0 = Debug|Win32
		{B206A862-61AF-4085-A78B-321902BEA5FD}.Debug|Win32.Deploy.0 = Debug|Win32
		{B206A862-61AF-4085-A78B-321902BEA5FD}.Debug|x64.ActiveCfg = Debug|x64
		{B206A862-61AF-4085-A78B-321902BEA5FD}.Debug|x64.Build.0 = Debug|x64
		{B206A862-61AF-4085-A78B-321902BEA5FD}.Debug|x64.Deploy.0 = Debug|x64
		{B206A862-61AF-4085-A78B-321902BEA5FD}.Release|Win32.ActiveCfg = Release|Win32
		{B206A862-61AF-4085-A78B-321902BEA5FD}.Release|Win32.Build.0 = Release|Win32
		{B206A862-61AF-4085-A78B-321902BEA5FD}.Release|Win32.Deploy.0 = Release|Win32
		{B206A862-61AF-4085-A78B-321902BEA5FD}.Release|x64.ActiveCfg = Release|x64
		{B206A862-61AF-4085-A78B-321902BEA5FD}.Release|x64.Build.0 = Release|x64
		{B206A862-61AF-4085-A78B-321902BEA5FD}.Release|x64.Deploy.0 = Release|x64
		{4FED9A4D-6937-4A53-BA74-7B2E84E0403D}.Debug|Win32.ActiveCfg = Debug|Win32
		{4FED9A4D-6937-4A53-BA74-7B2E84E0403D}.Debug|Win32.Build.0 = Debug|Win32
		{4FED9A4D-6937-4A53-BA74-7B2E84E0403D}.Debug|Win32.Deploy.0 = Debug|Win32
		{4FED9A4D-6937-4A53-BA74-7B2E84E0403D}.Debug|x64.ActiveCfg = Debug|x64
		{4FED9A4D-6937-4A53-BA74-7B2E84E0403D}.Debug|x64.Build.0 = Debug|x64
		{4FED9A4D-6937-4A53-BA74-7B2E84E0403D}.Debug|x64.Deploy.0 = Debug|x64
		{4FED9A4D-6937-4A53-BA74-7B2E84E0403D}.Release|Win32.ActiveCfg = Release|Win32
		{4FED9A4D-6937-4A53-BA74-7B2E84E0403D}.Release|Win32.Build.0 = Release|Win32
		{4FED9A4D-6937-4A53-BA74-7B2E84E0403D}.Release|Win32.Deploy.0 = Release|Win32
		{4FED9A4D-6937-4A53-BA74-7B2E84E0403D}.Release|x64.ActiveCfg = Release|x64
		{4FED9A4D-6937-4A53-BA74-7B2E84E0403D}.Release|x64.Build.0 = Release|x64
		{4FED9A4D-6937-4A53-BA74-7B2E84E0403D}.Release|x64.Deploy.0 = Release|x64
		{ACC952E8-1E33-4C50-9BDD-B2366DDFEF19}.Debug|Win32.ActiveCfg = Debug|Win32
		{ACC952E8-1E33-4C50-9BDD-B2366DDFEF19}.Debug|Win32.Build.0 = Debug|Win32
		{ACC952E8-1E33-4C50-9BDD-B2366DDFEF19}.Debug|Win32.Deploy.0 = Debug|Win32
		{ACC952E8-1E33-4C50-9BDD-B2366DDFEF19}.Debug|x64.ActiveCfg = Debug|x64
		{ACC952E8-1E33-4C50-9BDD-B2366DDFEF19}.Debug|x64.Build.0 = Debug|x64
		{ACC952E8-1E33-4C50-9BDD-B2366DDFEF19}.Debug|x64.Deploy.0 = Debug|x64
		{ACC952E8-1E33-4C50-9BDD-B2366DDFEF19}.Release|Win32.ActiveCfg = Release|Win32
		{ACC952E8-1E33-4C50-9BDD-B2366DDFEF19}.Release|Win32.Build.0 = Release|Win32
		{ACC952E8-1E33-4C50-9BDD-B2366DDFEF19}.Release|Win32.Deploy.0 = Release|Win32
		{ACC952E8-1E33-4C50-9BDD-B2366DDFEF19}.Release|x64.ActiveCfg = Release|x64
		{ACC952E8-1E33-4C50-9BDD-B2366DDFEF19}.Release|x64.Build.0 = Release|x64
		{ACC952E8-1E33-4C50-9BDD-B2366DDFEF19}.Release|x64.Deploy.0 = Release|x64
		{0A731E71-B015-4028-BEE2-FC55AB853A61}.Debug|Win32.ActiveCfg = Debug|Win32
		{0A731E71-B015-4028-BEE2-FC55AB853A61}.Debug|Win32.Build.0 = Debug|Win32
		{0A731E71-B015-4028-BEE2-FC55AB853A61}.Debug|Win32.Deploy.0 = Debug|Win32
		{0A731E71-B015-4028-BEE2-FC55AB853A61}.Debug|x64.ActiveCfg = Debug|x64
		{0A731E71-B015-4028-BEE2-FC55AB853A61}.Debug|x64.Build.0 = Debug|x64
		{0A731E71-B015-4028-BEE2-FC55AB853A61}.Debug|x64.Deploy.0 = Debug|x64
		{0A731E71-B015-4028-BEE2-FC55AB853A61}.Release|Win32.ActiveCfg = Release|Win32
		{0A731E71-B015-4028-BEE2-FC55AB853A61}.Release|Win32.Build.0 = Release|Win32
		{0A731E71-B015-4028-BEE2-FC55AB853A61}.Release|Win32.Deploy.0 = Release|Win32
		{0A731E71-B015-4028-BEE2-FC55AB853A61}.Release|x64.ActiveCfg = Release|x64
		{0A731E71-B015-4028-BEE2-FC55AB853A61}.Release|x64.Build.0 = Release|x64
		{0A731E71-B015-4028-BEE2-FC55AB853A61}.Release|x64.Deploy.0 = Release|x64
		{A9292A1C-89C4-4FAA-A29D-AC25EC452124}.Debug|Win32.ActiveCfg = Debug|Win32
		{A9292A1C-89C4-4FAA-A29D-AC25EC452124}.Debug|Win32.Build.0 = Debug|Win32
		{A9292A1C-89C4-4FAA-A29D-AC25EC452124}.Debug|Win32.Deploy.0 = Debug|Win32
		{A9292A1C-89C4-4FAA-A29D-AC25EC452124}.Debug|x64.ActiveCfg = Debug|x64
		{A9292A1C-89C4-4FAA-A29D-AC25EC452124}.Debug|x64.Build.0 = Debug|x64
		{A9292A1C-89C4-4FAA-A29D-AC25EC452124}.Debug|x64.Deploy.0 = Debug|x64
		{A9292A1C-89C4-4FAA-A29D-AC25EC452124}.Release|Win32.ActiveCfg = Release|Win32
		{A9292A1C-89C4-4FAA-A29D-AC25EC452124}.Release|Win32.Build.0 = Release|Win32
		{A9292A1C-89C4-4FAA-A29D-AC25EC452124}.Release|Win32.Deploy.0 = Release|Win32
		{A9292A1C-89C4-4FAA-A29D-AC25EC452124}.Release|x64.ActiveCfg = Release|x64
		{A9292A1C-89C4-4FAA-A29D-AC25EC452124}.Release|x64.Build.0 = Release|x64
		{A9292A1C-89C4-4FAA-A29D-AC25EC452124}.Release|x64.Deploy.0 = Release|x64
		{A37419DB-5EFB-4633-BDF3-736F19CAB61D}.Debug|Win32.ActiveCfg = Debug|Win32
		{A37419DB-5EFB-4633-BDF3-736F19CAB61D}.Debug|Win32.Build.0 = Debug|Win32
		{A37419DB-5EFB-4633-BDF3-736F19CAB61D}.Debug|Win32.Deploy.0 = Debug|Win32
		{A37419DB-5EFB-4633-BDF3-736F19CAB61D}.Debug|x64.ActiveCfg = Debug|x64
		{A37419DB-5EFB-4633-BDF3-736F19CAB61D}.Debug|x64.Build.0 = Debug|x64
		{A37419DB-5EFB-4633-BDF3-736F19CAB61D}.Debug|x64.Deploy.0 = Debug|x64
		{A37419DB-5EFB-4633-BDF3-736F19CAB61D}.Release|Win32.ActiveCfg = Release|Win32
		{A37419DB-5EFB-4633-BDF3-736F19CAB61D}.Release|Win32.Build.0 = Release|Win32
		{A37419DB-5EFB-4633-BDF3-736F19CAB61D}.Release|Win32.Deploy.0 = Release|Win32
		{A37419DB-5EFB-4633-BDF3-736F19CAB61D}.Release|x64.ActiveCfg = Release|x64
		{A37419DB-5EFB-4633-BDF3-736F19CAB61D}.Release|x64.Build.0 = Release|x64
		{A37419DB-5EFB-4633-BDF3-736F19CAB61D}.Release|x64.Deploy.0 = Release|x64
		{80C2FA7B-7E2B-4708-B2D8-68DF50CD3EB8}.Debug|Win32.ActiveCfg = Debug|Win32
		{80C2FA7B-7E2B-4708-B2D8-68DF50CD3EB8}.Debug|Win32.Build.0 = Debug|Win32
		{80C2FA7B-7E2B-4708-B2D8-68DF50CD3EB8}.Debug|Win32.Deploy.0 = Debug|Win32
		{80C2FA7B-7E2B-4708-B2D8-68DF50CD3EB8}.Debug|x64.ActiveCfg = Debug|x64
		{80C2FA7B-7E2B-4708-B2D8-68DF50CD3EB8}.Debug|x64.Build.0 = Debug|x64
		{80C2FA7B-7E2B-4708-B2D8-68DF50CD3EB8}.Debug|x64.Deploy.0 = Debug|x64
		{80C2FA7B-7E2B-4708-B2D8-68DF50CD3EB8}.Release|Win32.ActiveCfg = Release|Win32
		{80C2FA7B-7E2B-4708-B2D8-68DF50CD3EB8}.Release|Win32.Build.0 = Release|Win32
		{80C2FA7B-7E2B-4708-B2D8-68DF50CD3EB8}.Release|Win32.Deploy.0 = Release|Win32
		{80C2FA7B-7E2B-4708-B2D8-68DF50CD3EB8}.Release|x64.ActiveCfg = Release|x64
		{80C2FA7B-7E2B-4708-B2D8-68DF50CD3EB8}.Release|x64.Build.0 = Release|x64
		{80C2FA7B-7E2B-4708-B2D8-68DF50CD3EB8}.Release|x64.Deploy.0 = Release|x64
		{47D5AF85-01DA-4DDB-9C90-04B54D1136B7}.Debug|Win32.ActiveCfg = Debug|Win32
		{47D5AF85-01DA-4DDB-9C90-04B54D1136B7}.Debug|Win32.Build.0 = Debug|Win32
		{47D5AF85-01DA-4DDB-9C90-04B54D1136B7}.Debug|Win32.Deploy.0 = Debug|Win32
		{47D5AF85-01DA-4DDB-9C90-04B54D1136B7}.Debug|x64.ActiveCfg = Debug|x64
		{47D5AF85-01DA-4DDB-9C90-04B54D1136B7}.Debug|x64.Build.0 = Debug|x64
		{47D5AF85-01DA-4DDB-9C90-04B54D1136B7}.Debug|x64.Deploy.0 = Debug|x64
		{47D5AF85-01DA-4DDB-9C90-04B54D1136B7}.Release|Win32.ActiveCfg = Release|Win32
		{47D5AF85-01DA-4DDB-9C90-04B54D1136B7}.Release|Win32.Build.0 = Release|Win32
		{47D5AF85-01DA-4DDB-9C90-04B54D1136B7}.Release|Win32.Deploy.0 = Release|Win32
		{47D5AF85-01DA-4DDB-9C90-04B54D1136B7}.Release|x64.ActiveCfg = Release|x64
		{47D5AF85-01DA-4DDB-9C90-04B54D1136B7}.Release|x64.Build.0 = Release|x64
		{47D5AF85-01DA-4DDB-9C90-04B54D1136B7}.Release|x64.Deploy.0 = Release|x64
		{66EA4C11-3645-4294-87A9-2AB9E85E724E}.Debug|Win32.ActiveCfg = Debug|Win32
		{66EA4C11-3645-4294-87A9-2AB9E85E724E}.Debug|Win32.Build.0 = Debug|Win32
		{66EA4C11-3645-4294-87A9-2AB9E85E724E}.Debug|Win32.Deploy.0 = Debug|Win32
		{66EA4C11-3645-4294-87A9-2AB9E85E724E}.Debug|x64.ActiveCfg = Debug|x64
		{66EA4C11-3645-4294-87A9-2AB9E85E724E}.Debug|x64.Build.0 = Debug|x64
		{66EA4C11-3645-4294-87A9-2AB9E85E724E}.Debug|x64.Deploy.0 = Debug|x64
		{66EA4C11-3645-4294-87A9-2AB9E85E724E}.Release|Win32.ActiveCfg = Release|Win32
		{66EA4C11-3645-4294-87A9-2AB9E85E724E}.Release|Win32.Build.0 = Release|Win32
		{66EA4C11-3645-4294-87A9-2AB9E85E724E}.Release|Win32.Deploy.0 = Release|Win32
		{66EA4C11-3645-4294-87A9-2AB9E85E724E}.Release|x64.ActiveCfg = Release|x64
		{66EA4C11-3645-4294-87A9-2AB9E85E724E}.Release|x64.Build.0 = Release|x64
		{66EA4C11-3645-4294-87A9-2AB9E85E724E}.Release|x64.Deploy.0 = Release|x64
		{CF69B39E-FDC6-4771-B10E-1A5D28E09067}.Debug|Win32.ActiveCfg = Debug|Win32
		{CF69B39E-FDC6-4771-B10E-1A5D28E09067}.Debug|Win32.Build.0 = Debug|Win32
		{CF69B39E-FDC6-4771-B10E-1A5D28E09067}.Debug|Win32.Deploy.0 = Debug|Win32
		{CF69B39E-FDC6-4771-B10E-1A5D28E09067}.Debug|x64.ActiveCfg = Debug|x64
		{CF69B39E-FDC6-4771-B10E-1A5D28E09067}.Debug|x64.Build.0 = Debug|x64
		{CF69B39E-FDC6-4771-B10E-1A5D28E09067}.Debug|x64.Deploy.0 = Debug|x64
		{CF69B39E-FDC6-4771-B10E-1A5D28E09067}.Release|Win32.ActiveCfg = Release|Win32
		{CF69B39E-FDC6-4771-B10E-1A5D28E09067}.Release|Win32.Build.0 = Release|Win32
		{CF69B39E-FDC6-4771-B10E-1A5D28E09067}.Release|Win32.Deploy.0 = Release|Win32
		{CF69B39E-FDC6-4771-B10E-1A5D28E09067}.Release|x64.ActiveCfg = Release|x64
		{CF69B39E-FDC6-4771-B10E-1A5D28E09067}.Release|x64.Build.0 = Release|x64
		{CF69B39E-FDC6-4771-B10E-1A5D28E09067}.Release|x64.Deploy.0 = Release|x64
		{9A05AF89-44DF-47F2-ACD1-CDC6C730FB81}.Debug|Win32.ActiveCfg = Debug|Win32
		{9A05AF89-44DF-47F2-ACD1-CDC6C730FB81}.Debug|Win32.Build.0 = Debug|Win32
		{9A05AF89-44DF-47F2-ACD1-CDC6C730FB81}.Debug|Win32.Deploy.0 = Debug|Win32
		{9A05AF89-44DF-47F2-ACD1-CDC6C730FB81}.Debug|x64.ActiveCfg = Debug|x64
		{9A05AF89-44DF-47F2-ACD1-CDC6C730FB81}.Debug|x64.Build.0 = Debug|x64
		{9A05AF89-44DF-47F2-ACD1-CDC6C730FB81}.Debug|x64.Deploy.0 = Debug|x64
		{9A05AF89-44DF-47F2-ACD1-CDC6C730FB81}.Release|Win32.ActiveCfg = Release|Win32
		{9A05AF89-44DF-47F2-ACD1-CDC6C730FB81}.Release|Win32.Build.0 = Release|Win32
		{9A05AF89-44DF-47F2-ACD1-CDC6C730FB81}.Release|Win32.Deploy.0 = Release|Win32
		{9A05AF89-44DF-47F2-ACD1-CDC6C730FB81}.Release|x64.ActiveCfg = Release|x64
		{9A05AF89-44DF-47F2-ACD1-CDC6C730FB81}.Release|x64.Build.0 = Release|x64
		{9A05AF89-44DF-47F2-ACD1-CDC6C730FB81}.Release|x64.Deploy.0 = Release|x64
		{90F536AD-2B02-40E1-99AF-68A2966506D4}.Debug|Win32.ActiveCfg = Debug|Win32
		{90F536AD-2B02-40E1-99AF-68A2966506D4}.Debug|Win32.Build.0 = Debug|Win32
		{90F536AD-2B02-40E1-99AF-68A2966506D4}.Debug|Win32.Deploy.0 = Debug|Win32
		{90F536AD-2B02-40E1-99AF-68A2966506D4}.Debug|x64.ActiveCfg = Debug|x64
		{90F536AD-2B02-40E1-99AF-68A2966506D4}.Debug|x64.Build.0 = Debug|x64
		{90F536AD-2B02-40E1-99AF-68A2966506D4}.Debug|x64.Deploy.0 = Debug|x64
		{90F536AD-2B02-40E1-99AF-68A2966506D4}.Release|Win32.ActiveCfg = Release|Win32
		{90F536AD-2B02-40E1-99AF-68A2966506D4}.Release|Win32.Build.0 = Release|Win32
		{90F536AD-2B02-40E1-99AF-68A2966506D4}.Release|Win32.Deploy.0 = Release|Win32
		{90F536AD-2B02-40E1-99AF-68A2966506D4}.Release|x64.ActiveCfg = Release|x64
		{90F536AD-2B02-40E1-99AF-68A2966506D4}.Release|x64.Build.0 = Release|x64
		{90F536AD-2B02-40E1-99AF-68A2966506D4}.Release|x64.Deploy.0 = Release|x64
		{3789C403-B7C8-406F-96CD-623187352C37}.Debug|Win32.ActiveCfg = Debug|Win32
		{3789C403-B7C8-406F-96CD-623187352C37}.Debug|Win32.Build.0 = Debug|Win32
		{3789C403-B7C8-406F-96CD-623187352C37}.Debug|Win32.Deploy.0 = Debug|Win32
		{3789C403-B7C8-406F-96CD-623187352C37}.Debug|x64.ActiveCfg = Debug|x64
		{3789C403-B7C8-406F-96CD-623187352C37}.Debug|x64.Build.0 = Debug|x64
		{3789C403-B7C8-406F-96CD-623187352C37}.Debug|x64.Deploy.0 = Debug|x64
		{3789C403-B7C8-406F-96CD-623187352C37}.Release|Win32.ActiveCfg = Release|Win32
		{3789C403-B7C8-406F-96CD-623187352C37}.Release|Win32.Build.0 = Release|Win32
		{3789C403-B7C8-406F-96CD-623187352C37}.Release|Win32.Deploy.0 = Release|Win32
		{3789C403-B7C8-406F-96CD-623187352C37}.Release|x64.ActiveCfg = Release|x64
		{3789C403-B7C8-406F-96CD-623187352C37}.Release|x64.Build.0 = Release|x64
		{3789C403-B7C8-406F-96CD-623187352C37}.Release|x64.Deploy.0 = Release|x64
		{9AEA1384-65C7-43D1-B88D-413EB9609E01}.Debug|Win32.ActiveCfg = Debug|Win32
		{9AEA1384-65C7-43D1-B88D-413EB9609E01}.Debug|Win32.Build.0 = Debug|Win32
		{9AEA1384-65C7-43D1-B88D-413EB9609E01}.Debug|Win32.Deploy.0 = Debug|Win32
		{9AEA1384-65C7-43D1-B88D-413EB9609E01}.Debug|x64.ActiveCfg = Debug|x64
		{9AEA1384-65C7-43D1-B88D-413EB9609E01}.Debug|x64.Build.0 = Debug|x64
		{9AEA1384-65C7-43D1-B88D-413EB9609E01}.Debug|x64.Deploy.0 = Debug|x64
		{9AEA1384-65C7-43D1-B88D-413EB9609E01}.Release|Win32.ActiveCfg = Release|Win32
		{9AEA1384-65C7-43D1-B88D-413EB9609E01}.Release|Win32.Build.0 = Release|Win32
		{9AEA1384-65C7-43D1-B88D-413EB9609E01}.Release|Win32.Deploy.0 = Release|Win32
		{9AEA1384-65C7-43D1-B88D-413EB9609E01}.Release|x64.ActiveCfg = Release|x64
		{9AEA1384-65C7-43D1-B88D-413EB9609E01}.Release|x64.Build.0 = Release|x64
		{9AEA1384-65C7-43D1-B88D-413EB9609E01}.Release|x64.Deploy.0 = Release|x64
		{4C9857F6-6E7D-439A-8FAD-31F76526CB72}.Debug|Win32.ActiveCfg = Debug|Win32
		{4C9857F6-6E7D-439A-8FAD-31F76526CB72}.Debug|Win32.Build.0 = Debug|Win32
		{4C9857F6-6E7D-439A-8FAD-31F76526CB72}.Debug|Win32.Deploy.0 = Debug|Win32
		{4C9857F6-6E7D-439A-8FAD-31F76526CB72}.Debug|x64.ActiveCfg = Debug|x64
		{4C9857F6-6E7D-439A-8FAD-31F76526CB72}.Debug|x64.Build.0 = Debug|x64
		{4C9857F6-6E7D-439A-8FAD-31F76526CB72}.Debug|x64.Deploy.0 = Debug|x64
		{4C9857F6-6E7D-439A-8FAD-31F76526CB72}.Release|Win32.ActiveCfg = Release|Win32
		{4C9857F6-6E7D-439A-8FAD-31F76526CB72}.Release|Win32.Build.0 = Release|Win32
		{4C9857F6-6E7D-439A-8FAD-31F76526CB72}.Release|Win32.Deploy.0 = Release|Win32
		{4C9857F6-6E7D-439A-8FAD-31F76526CB72}.Release|x64.ActiveCfg = Release|x64
		{4C9857F6-6E7D-439A-8FAD-31F76526CB72}.Release|x64.Build.0 = Release|x64
		{4C9857F6-6E7D-439A-8FAD-31F76526CB72}.Release|x64.Deploy.0 = Release|x64
		{B8706940-F1DA-4C34-9EAE-D3CF8CB858BB}.Debug|Win32.ActiveCfg = Debug|Win32
		{B8706940-F1DA-4C34-9EAE-D3CF8CB858BB}.Debug|Win32.Build.0 = Debug|Win32
		{B8706940-F1DA-4C34-9EAE-D3CF8CB858BB}.Debug|Win32.Deploy.0 = Debug|Win32
		{B8706940-F1DA-4C34-9EAE-D3CF8CB858BB}.Debug|x64.ActiveCfg = Debug|x64
		{B8706940-F1DA-4C34-9EAE-D3CF8CB858BB}.Debug|x64.Build.0 = Debug|x64
		{B8706940-F1DA-4C34-9EAE-D3CF8CB858BB}.Debug|x64.Deploy.0 = Debug|x64
		{B8706940-F1DA-4C34-9EAE-D3CF8CB858BB}.Release|Win32.ActiveCfg = Release|Win32
		{B8706940-F1DA-4C34-9EAE-D3CF8CB858BB}.Release|Win32.Build.0 = Release|Win32
		{B8706940-F1DA-4C34-9EAE-D3CF8CB858BB}.Release|Win32.Deploy.0 = Release|Win32
		{B8706940-F1DA-4C34-9EAE-D3CF8CB858BB}.Release|x64.ActiveCfg = Release|x64
		{B8706940-F1DA-4C34-9EAE-D3CF8CB858BB}.Release|x64.Build.0 = Release|x64
		{B8706940-F1DA-4C34-9EAE-D3CF8CB858BB}.Release|x64.Deploy.0 = Release|x64
		{D592B7E7-6B25-4482-9348-8033C2462896}.Debug|Win32.ActiveCfg = Debug|Win32
		{D592B7E7-6B25-4482-9348-8033C2462896}.Debug|Win32.Build.0 = Debug|Win32
		{D592B7E7-6B25-4482-9348-8033C2462896}.Debug|Win32.Deploy.0 = Debug|Win32
		{D592B7E7-6B25-4482-9348-8033C2462896}.Debug|x64.ActiveCfg = Debug|x64
		{D592B7E7-6B25-4482-9348-8033C2462896}.Debug|x64.Build.0 = Debug|x64
		{D592B7E7-6B25-4482-9348-8033C2462896}.Debug|x64.Deploy.0 = Debug|x64
		{D592B7E7-6B25-4482-9348-8033C2462896}.Release|Win32.ActiveCfg = Release|Win32
		{D592B7E7-6B25-4482-9348-8033C2462896}.Release|Win32.Build.0 = Release|Win32
		{D592B7E7-6B25-4482-9348-8033C2462896}.Release|Win32.Deploy.0 = Release|Win32
		{D592B7E7-6B25-4482-9348-8033C2462896}.Release|x64.ActiveCfg = Release|x64
		{D592B7E7-6B25-4482-9348-8033C2462896}.Release|x64.Build.0 = Release|x64
		{D592B7E7-6B25-4482-9348-8033C2462896}.Release|x64.Deploy.0 = Release|x64
		{52D748FE-B17F-4D04-B5C9-C65851AC5E32}.Debug|Win32.ActiveCfg = Debug|Win32
		{52D748FE-B17F-4D04-B5C9-C65851AC5E32}.Debug|Win32.Build.0 = Debug|Win32
		{52D748FE-B17F-4D04-B5C9-C65851AC5E32}.Debug|Win32.Deploy.0 = Debug|Win32
		{52D748FE-B17F-4D04-B5C9-C65851AC5E32}.Debug|x64.ActiveCfg = Debug|x64
		{52D748FE-B17F-4D04-B5C9-C65851AC5E32}.Debug|x64.Build.0 = Debug|x64
		{52D748FE-B17F-4D04-B5C9-C65851AC5E32}.Debug|x64.Deploy.0 = Debug|x64
		{52D748FE-B17F-4D04-B5C9-C65851AC5E32}.Release|Win32.ActiveCfg = Release|Win32
		{52D748FE-B17F-4D04-B5C9-C65851AC5E32}.Release|Win32.Build.0 = Release|Win32
		{52D748FE-B17F-4D04-B5C9-C65851AC5E32}.Release|Win32.Deploy.0 = Release|Win32
		{52D748FE-B17F-4D04-B5C9-C65851AC5E32}.Release|x64.ActiveCfg = Release|x64
		{52D748FE-B17F-4D04-B5C9-C65851AC5E32}.Release|x64.Build.0 = Release|x64
		{52D748FE-B17F-4D04-B5C9-C65851AC5E32}.Release|x64.Deploy.0 = Release|x64
		{2C5BCD5C-ACBB-42CD-879F-A3FBECA8D106}.Debug|Win32.ActiveCfg = Debug|Win32
		{2C5BCD5C-ACBB-42CD-879F-A3FBECA8D106}.Debug|Win32.Build.0 = Debug|Win32
		{2C5BCD5C-ACBB-42CD-879F-A3FBECA8D106}.Debug|Win32.Deploy.0 = Debug|Win32
		{2C5BCD5C-ACBB-42CD-879F-A3FBECA8D106}.Debug|x64.ActiveCfg = Debug|x64
		{2C5BCD5C-ACBB-42CD-879F-A3FBECA8D106}.Debug|x64.Build.0 = Debug|x64
		{2C5BCD5C-ACBB-42CD-879F-A3FBECA8D106}.Debug|x64.Deploy.0 = Debug|x64
		{2C5BCD5C-ACBB-42CD-879F-A3FBECA8D106}.Release|Win32.ActiveCfg = Release|Win32
		{2C5BCD5C-ACBB-42CD-879F-A3FBECA8D106}.Release|Win32.Build.0 = Release|Win32
		{2C5BCD5C-ACBB-42CD-879F-A3FBECA8D106}.Release|Win32.Deploy.0 = Release|Win32
		{2C5BCD5C-ACBB-42CD-879F-A3FBECA8D106}.Release|x64.ActiveCfg = Release|x64
		{2C5BCD5C-ACBB-42CD-879F-A3FBECA8D106}.Release|x64.Build.0 = Release|x64
		{2C5BCD5C-ACBB-42CD-879F-A3FBECA8D106}.Release|x64.Deploy.0 = Release|x64
		{51DAFB3A-BE64-44F5-9E30-7C1446E2F1E5}.Debug|Win32.ActiveCfg = Debug|Win32
		{51DAFB3A-BE64-44F5-9E30-7C1446E2F1E5}.Debug|Win32.Build.0 = Debug|Win32
		{51DAFB3A-BE64-44F5-9E30-7C1446E2F1E5}.Debug|Win32.Deploy.0 = Debug|Win32
		{51DAFB3A-BE64-44F5-9E30-7C1446E2F1E5}.Debug|x64.ActiveCfg = Debug|x64
		{51DAFB3A-BE64-44F5-9E30-7C1446E2F1E5}.Debug|x64.Build.0 = Debug|x64
		{51DAFB3A-BE64-44F5-9E30-7C1446E2F1E5}.Debug|x64.Deploy.0 = Debug|x64
		{51DAFB3A-BE64-44F5-9E30-7C1446E2F1E5}.Release|Win32.ActiveCfg = Release|Win32
		{51DAFB3A-BE64-44F5-9E30-7C1446E2F1E5}.Release|Win32.Build.0 = Release|Win32
		{51DAFB3A-BE64-44F5-9E30-7C1446E2F1E5}.Release|Win32.Deploy.0 = Release|Win32
		{51DAFB3A-BE64-44F5-9E30-7C1446E2F1E5}.Release|x64.ActiveCfg = Release|x64
		{51DAFB3A-BE64-44F5-9E30-7C1446E2F1E5}.Release|x64.Build.0 = Release|x64
		{51DAFB3A-BE64-44F5-9E30-7C1446E2F1E5}.Release|x64.Deploy.0 = Release|x64
		{9039FA14-D095-46CB-838E-CE6E70D76E35}.Debug|Win32.ActiveCfg = Debug|Win32
		{9039FA14-D095-46CB-838E-CE6E70D76E35}.Debug|Win32.Build.0 = Debug|Win32
		{9039FA14-D095-46CB-838E-CE6E70D76E35}.Debug|Win32.Deploy.0 = Debug|Win32
		{9039FA14-D095-46CB-838E-CE6E70D76E35}.Debug|x64.ActiveCfg = Debug|x64
		{9039FA14-D095-46CB-838E-CE6E70D76E35}.Debug|x64.Build.0 = Debug|x64
		{9039FA14-D095-46CB-838E-CE6E70D76E35}.Debug|x64.Deploy.0 = Debug|x64
		{9039FA14-D095-46CB-838E-CE6E70D76E35}.Release|Win32.ActiveCfg = Release|Win32
		{9039FA14-D095-46CB-838E-CE6E70D76E35}.Release|Win32.Build.0 = Release|Win32
		{9039FA14-D095-46CB-838E-CE6E70D76E35}.Release|Win32.Deploy.0 = Release|Win32
		{9039FA14-D095-46CB-838E-CE6E70D76E35}.Release|x64.ActiveCfg = Release|x64
		{9039FA14-D095-46CB-838E-CE6E70D76E35}.Release|x64.Build.0 = Release|x64
		{9039FA14-D095-46CB-838E-CE6E70D76E35}.Release|x64.Deploy.0 = Release|x64
		{A881C86E-FB69-4548-B815-19BDF2E79C56}.Debug|Win32.ActiveCfg = Debug|Win32
		{A881C86E-FB69-4548-B815-19BDF2E79C56}.Debug|Win32.Build.0 = Debug|Win32
		{A881C86E-FB69-4548-B815-19BDF2E79C56}.Debug|Win32.Deploy.0 = Debug|Win32
		{A881C86E-FB69-4548-B815-19BDF2E79C56}.Debug|x64.ActiveCfg = Debug|x64
		{A881C86E-FB69-4548-B815-19BDF2E79C56}.Debug|x64.Build.0 = Debug|x64
		{A881C86E-FB69-4548-B815-19BDF2E79C56}.Debug|x64.Deploy.0 = Debug|x64
		{A881C86E-FB69-4548-B815-19BDF2E79C56}.Release|Win32.ActiveCfg = Release|Win32
		{A881C86E-FB69-4548-B815-19BDF2E79C56}.Release|Win32.Build.0 = Release|Win32
		{A881C86E-FB69-4548-B815-19BDF2E79C56}.Release|Win32.Deploy.0 = Release|Win32
		{A881C86E-FB69-4548-B815-19BDF2E79C56}.Release|x64.ActiveCfg = Release|x64
		{A881C86E-FB69-4548-B815-19BDF2E79C56}.Release|x64.Build.0 = Release|x64
		{A881C86E-FB69-4548-B815-19BDF2E79C56}.Release|x64.Deploy.0 = Release|x64
		{E6A055BE-EE26-43E5-B8D5-05610754A8E0}.Debug|Win32.ActiveCfg = Debug|Win32
		{E6A055BE-EE26-43E5-B8D5-05610754A8E0}.Debug|Win32.Build.0 = Debug|Win32
		{E6A055BE-EE26-43E5-B8D5-05610754A8E0}.Debug|Win32.Deploy.0 = Debug|Win32
		{E6A055BE-EE26-43E5-B8D5-05610754A8E0}.Debug|x64.ActiveCfg = Debug|x64
		{E6A055BE-EE26-43E5-B8D5-05610754A8E0}.Debug|x64.Build.0 = Debug|x64
		{E6A055BE-EE26-43E5-B8D5-05610754A8E0}.Debug|x64.Deploy.0 = Debug|x64
		{E6A055BE-EE26-43E5-B8D5-05610754A8E0}.Release|Win32.ActiveCfg = Release|Win32
		{E6A055BE-EE26-43E5-B8D5-05610754A8E0}.Release|Win32.Build.0 = Release|Win32
		{E6A055BE-EE26-43E5-B8D5-05610754A8E0}.Release|Win32.Deploy.0 = Release|Win32
		{E6A055BE-EE26-43E5-B8D5-05610754A8E0}.Release|x64.ActiveCfg = Release|x64
		{E6A055BE-EE26-43E5-B8D5-05610754A8E0}.Release|x64.Build.0 = Release|x64
		{E6A055BE-EE26-43E5-B8D5-05610754A8E0}.Release|x64.Deploy.0 = Release|x64
		{4AD1A347-FFF2-4CDC-95A7-77C43B5063C0}.Debug|Win32.ActiveCfg = Debug|Win32
		{4AD1A347-FFF2-4CDC-95A7-77C43B5063C0}.Debug|Win32.Build.0 = Debug|Win32
		{4AD1A347-FFF2-4CDC-95A7-77C43B5063C0}.Debug|Win32.Deploy.0 = Debug|Win32
		{4AD1A347-FFF2-4CDC-95A7-77C43B5063C0}.Debug|x64.ActiveCfg = Debug|x64
		{4AD1A347-FFF2-4CDC-95A7-77C43B5063C0}.Debug|x64.Build.0 = Debug|x64
		{4AD1A347-FFF2-4CDC-95A7-77C43B5063C0}.Debug|x64.Deploy.0 = Debug|x64
		{4AD1A347-FFF2-4CDC-95A7-77C43B5063C0}.Release|Win32.ActiveCfg = Release|Win32
		{4AD1A347-FFF2-4CDC-95A7-77C43B5063C0}.Release|Win32.Build.0 = Release|Win32
		{4AD1A347-FFF2-4CDC-95A7-77C43B5063C0}.Release|Win32.Deploy.0 = Release|Win32
		{4AD1A347-FFF2-4CDC-95A7-77C43B5063C0}.Release|x64.ActiveCfg = Release|x64
		{4AD1A347-FFF2-4CDC-95A7-77C43B5063C0}.Release|x64.Build.0 = Release|x64
		{4AD1A347-FFF2-4CDC-95A7-77C43B5063C0}.Release|x64.Deploy.0 = Release|x64
		{92DAC9B9-D696-43A6-B001-3D9C69719487}.Debug|Win32.ActiveCfg = Debug|Win32
		{92DAC9B9-D696-43A6-B001-3D9C69719487}.Debug|Win32.Build.0 = Debug|Win32
		{92DAC9B9-D696-43A6-B001-3D9C69719487}.Debug|Win32.Deploy.0 = Debug|Win32
		{92DAC9B9-D696-43A6-B001-3D9C69719487}.Debug|x64.ActiveCfg = Debug|x64
		{92DAC9B9-D696-43A6-B001-3D9C69719487}.Debug|x64.Build.0 = Debug|x64
		{92DAC9B9-D696-43A6-B001-3D9C69719487}.Debug|x64.Deploy.0 = Debug|x64
		{92DAC9B9-D696-43A6-B001-3D9C69719487}.Release|Win32.ActiveCfg = Release|Win32
		{92DAC9B9-D696-43A6-B001-3D9C69719487}.Release|Win32.Build.0 = Release|Win32
		{92DAC9B9-D696-43A6-B001-3D9C69719487}.Release|Win32.Deploy.0 = Release|Win32
		{92DAC9B9-D696-43A6-B001-3D9C69719487}.Release|x64.ActiveCfg = Release|x64
		{92DAC9B9-D696-43A6-B001-3D9C69719487}.Release|x64.Build.0 = Release|x64
		{92DAC9B9-D696-43A6-B001-3D9C69719487}.Release|x64.Deploy.0 = Release|x64
	EndGlobalSection
	GlobalSection(SolutionProperties) = preSolution
		HideSolutionNode = FALSE
	EndGlobalSection
EndGlobal
