
Microsoft Visual Studio Solution File, Format Version 11.00
# Visual Studio 2012
Project("{8BC9CEB8-8B4A-11D0-8D11-00A0C91BC942}") = "3d", "3d.vcxproj", "{46959986-93DD-4843-96AE-86C5990B398F}"
EndProject
Project("{8BC9CEB8-8B4A-11D0-8D11-00A0C91BC942}") = "3d_multi", "3d_multi.vcxproj", "{C1BFDF2D-261C-4081-8C4B-4859AA52ACBB}"
EndProject
Project("{8BC9CEB8-8B4A-11D0-8D11-00A0C91BC942}") = "event_parameter", "event_parameter.vcxproj", "{B9E4D3C6-E8FA-4BEE-A351-954838C2A599}"
EndProject
Project("{8BC9CEB8-8B4A-11D0-8D11-00A0C91BC942}") = "load_banks", "load_banks.vcxproj", "{24B89219-00D1-456D-B380-FED9F1D12B6F}"
EndProject
Project("{8BC9CEB8-8B4A-11D0-8D11-00A0C91BC942}") = "music_callbacks", "music_callbacks.vcxproj", "{56681172-0587-44F4-8506-8B704669008E}"
EndProject
Project("{8BC9CEB8-8B4A-11D0-8D11-00A0C91BC942}") = "objectpan", "objectpan.vcxproj", "{EE3F8AA8-9F6A-44C4-9E2A-BC388A91026C}"
EndProject
Project("{8BC9CEB8-8B4A-11D0-8D11-00A0C91BC942}") = "programmer_sound", "programmer_sound.vcxproj", "{34132E0E-D234-49CE-B679-148478871B02}"
EndProject
Project("{8BC9CEB8-8B4A-11D0-8D11-00A0C91BC942}") = "recording_playback", "recording_playback.vcxproj", "{37CF4205-760C-468A-A2CD-3CD7CCE38BA6}"
EndProject
Project("{8BC9CEB8-8B4A-11D0-8D11-00A0C91BC942}") = "simple_event", "simple_event.vcxproj", "{695C9C06-C529-40DF-B916-D9DD41594C98}"
EndProject
Global
	GlobalSection(SolutionConfigurationPlatforms) = preSolution
		Debug|Win32 = Debug|Win32
		Debug|x64 = Debug|x64
		Release|Win32 = Release|Win32
		Release|x64 = Release|x64
	EndGlobalSection
	GlobalSection(ProjectConfigurationPlatforms) = postSolution
		{46959986-93DD-4843-96AE-86C5990B398F}.Debug|Win32.ActiveCfg = Debug|Win32
		{46959986-93DD-4843-96AE-86C5990B398F}.Debug|Win32.Build.0 = Debug|Win32
		{46959986-93DD-4843-96AE-86C5990B398F}.Debug|Win32.Deploy.0 = Debug|Win32
		{46959986-93DD-4843-96AE-86C5990B398F}.Debug|x64.ActiveCfg = Debug|x64
		{46959986-93DD-4843-96AE-86C5990B398F}.Debug|x64.Build.0 = Debug|x64
		{46959986-93DD-4843-96AE-86C5990B398F}.Debug|x64.Deploy.0 = Debug|x64
		{46959986-93DD-4843-96AE-86C5990B398F}.Release|Win32.ActiveCfg = Release|Win32
		{46959986-93DD-4843-96AE-86C5990B398F}.Release|Win32.Build.0 = Release|Win32
		{46959986-93DD-4843-96AE-86C5990B398F}.Release|Win32.Deploy.0 = Release|Win32
		{46959986-93DD-4843-96AE-86C5990B398F}.Release|x64.ActiveCfg = Release|x64
		{46959986-93DD-4843-96AE-86C5990B398F}.Release|x64.Build.0 = Release|x64
		{46959986-93DD-4843-96AE-86C5990B398F}.Release|x64.Deploy.0 = Release|x64
		{C1BFDF2D-261C-4081-8C4B-4859AA52ACBB}.Debug|Win32.ActiveCfg = Debug|Win32
		{C1BFDF2D-261C-4081-8C4B-4859AA52ACBB}.Debug|Win32.Build.0 = Debug|Win32
		{C1BFDF2D-261C-4081-8C4B-4859AA52ACBB}.Debug|Win32.Deploy.0 = Debug|Win32
		{C1BFDF2D-261C-4081-8C4B-4859AA52ACBB}.Debug|x64.ActiveCfg = Debug|x64
		{C1BFDF2D-261C-4081-8C4B-4859AA52ACBB}.Debug|x64.Build.0 = Debug|x64
		{C1BFDF2D-261C-4081-8C4B-4859AA52ACBB}.Debug|x64.Deploy.0 = Debug|x64
		{C1BFDF2D-261C-4081-8C4B-4859AA52ACBB}.Release|Win32.ActiveCfg = Release|Win32
		{C1BFDF2D-261C-4081-8C4B-4859AA52ACBB}.Release|Win32.Build.0 = Release|Win32
		{C1BFDF2D-261C-4081-8C4B-4859AA52ACBB}.Release|Win32.Deploy.0 = Release|Win32
		{C1BFDF2D-261C-4081-8C4B-4859AA52ACBB}.Release|x64.ActiveCfg = Release|x64
		{C1BFDF2D-261C-4081-8C4B-4859AA52ACBB}.Release|x64.Build.0 = Release|x64
		{C1BFDF2D-261C-4081-8C4B-4859AA52ACBB}.Release|x64.Deploy.0 = Release|x64
		{B9E4D3C6-E8FA-4BEE-A351-954838C2A599}.Debug|Win32.ActiveCfg = Debug|Win32
		{B9E4D3C6-E8FA-4BEE-A351-954838C2A599}.Debug|Win32.Build.0 = Debug|Win32
		{B9E4D3C6-E8FA-4BEE-A351-954838C2A599}.Debug|Win32.Deploy.0 = Debug|Win32
		{B9E4D3C6-E8FA-4BEE-A351-954838C2A599}.Debug|x64.ActiveCfg = Debug|x64
		{B9E4D3C6-E8FA-4BEE-A351-954838C2A599}.Debug|x64.Build.0 = Debug|x64
		{B9E4D3C6-E8FA-4BEE-A351-954838C2A599}.Debug|x64.Deploy.0 = Debug|x64
		{B9E4D3C6-E8FA-4BEE-A351-954838C2A599}.Release|Win32.ActiveCfg = Release|Win32
		{B9E4D3C6-E8FA-4BEE-A351-954838C2A599}.Release|Win32.Build.0 = Release|Win32
		{B9E4D3C6-E8FA-4BEE-A351-954838C2A599}.Release|Win32.Deploy.0 = Release|Win32
		{B9E4D3C6-E8FA-4BEE-A351-954838C2A599}.Release|x64.ActiveCfg = Release|x64
		{B9E4D3C6-E8FA-4BEE-A351-954838C2A599}.Release|x64.Build.0 = Release|x64
		{B9E4D3C6-E8FA-4BEE-A351-954838C2A599}.Release|x64.Deploy.0 = Release|x64
		{24B89219-00D1-456D-B380-FED9F1D12B6F}.Debug|Win32.ActiveCfg = Debug|Win32
		{24B89219-00D1-456D-B380-FED9F1D12B6F}.Debug|Win32.Build.0 = Debug|Win32
		{24B89219-00D1-456D-B380-FED9F1D12B6F}.Debug|Win32.Deploy.0 = Debug|Win32
		{24B89219-00D1-456D-B380-FED9F1D12B6F}.Debug|x64.ActiveCfg = Debug|x64
		{24B89219-00D1-456D-B380-FED9F1D12B6F}.Debug|x64.Build.0 = Debug|x64
		{24B89219-00D1-456D-B380-FED9F1D12B6F}.Debug|x64.Deploy.0 = Debug|x64
		{24B89219-00D1-456D-B380-FED9F1D12B6F}.Release|Win32.ActiveCfg = Release|Win32
		{24B89219-00D1-456D-B380-FED9F1D12B6F}.Release|Win32.Build.0 = Release|Win32
		{24B89219-00D1-456D-B380-FED9F1D12B6F}.Release|Win32.Deploy.0 = Release|Win32
		{24B89219-00D1-456D-B380-FED9F1D12B6F}.Release|x64.ActiveCfg = Release|x64
		{24B89219-00D1-456D-B380-FED9F1D12B6F}.Release|x64.Build.0 = Release|x64
		{24B89219-00D1-456D-B380-FED9F1D12B6F}.Release|x64.Deploy.0 = Release|x64
		{56681172-0587-44F4-8506-8B704669008E}.Debug|Win32.ActiveCfg = Debug|Win32
		{56681172-0587-44F4-8506-8B704669008E}.Debug|Win32.Build.0 = Debug|Win32
		{56681172-0587-44F4-8506-8B704669008E}.Debug|Win32.Deploy.0 = Debug|Win32
		{56681172-0587-44F4-8506-8B704669008E}.Debug|x64.ActiveCfg = Debug|x64
		{56681172-0587-44F4-8506-8B704669008E}.Debug|x64.Build.0 = Debug|x64
		{56681172-0587-44F4-8506-8B704669008E}.Debug|x64.Deploy.0 = Debug|x64
		{56681172-0587-44F4-8506-8B704669008E}.Release|Win32.ActiveCfg = Release|Win32
		{56681172-0587-44F4-8506-8B704669008E}.Release|Win32.Build.0 = Release|Win32
		{56681172-0587-44F4-8506-8B704669008E}.Release|Win32.Deploy.0 = Release|Win32
		{56681172-0587-44F4-8506-8B704669008E}.Release|x64.ActiveCfg = Release|x64
		{56681172-0587-44F4-8506-8B704669008E}.Release|x64.Build.0 = Release|x64
		{56681172-0587-44F4-8506-8B704669008E}.Release|x64.Deploy.0 = Release|x64
		{EE3F8AA8-9F6A-44C4-9E2A-BC388A91026C}.Debug|Win32.ActiveCfg = Debug|Win32
		{EE3F8AA8-9F6A-44C4-9E2A-BC388A91026C}.Debug|Win32.Build.0 = Debug|Win32
		{EE3F8AA8-9F6A-44C4-9E2A-BC388A91026C}.Debug|Win32.Deploy.0 = Debug|Win32
		{EE3F8AA8-9F6A-44C4-9E2A-BC388A91026C}.Debug|x64.ActiveCfg = Debug|x64
		{EE3F8AA8-9F6A-44C4-9E2A-BC388A91026C}.Debug|x64.Build.0 = Debug|x64
		{EE3F8AA8-9F6A-44C4-9E2A-BC388A91026C}.Debug|x64.Deploy.0 = Debug|x64
		{EE3F8AA8-9F6A-44C4-9E2A-BC388A91026C}.Release|Win32.ActiveCfg = Release|Win32
		{EE3F8AA8-9F6A-44C4-9E2A-BC388A91026C}.Release|Win32.Build.0 = Release|Win32
		{EE3F8AA8-9F6A-44C4-9E2A-BC388A91026C}.Release|Win32.Deploy.0 = Release|Win32
		{EE3F8AA8-9F6A-44C4-9E2A-BC388A91026C}.Release|x64.ActiveCfg = Release|x64
		{EE3F8AA8-9F6A-44C4-9E2A-BC388A91026C}.Release|x64.Build.0 = Release|x64
		{EE3F8AA8-9F6A-44C4-9E2A-BC388A91026C}.Release|x64.Deploy.0 = Release|x64
		{34132E0E-D234-49CE-B679-148478871B02}.Debug|Win32.ActiveCfg = Debug|Win32
		{34132E0E-D234-49CE-B679-148478871B02}.Debug|Win32.Build.0 = Debug|Win32
		{34132E0E-D234-49CE-B679-148478871B02}.Debug|Win32.Deploy.0 = Debug|Win32
		{34132E0E-D234-49CE-B679-148478871B02}.Debug|x64.ActiveCfg = Debug|x64
		{34132E0E-D234-49CE-B679-148478871B02}.Debug|x64.Build.0 = Debug|x64
		{34132E0E-D234-49CE-B679-148478871B02}.Debug|x64.Deploy.0 = Debug|x64
		{34132E0E-D234-49CE-B679-148478871B02}.Release|Win32.ActiveCfg = Release|Win32
		{34132E0E-D234-49CE-B679-148478871B02}.Release|Win32.Build.0 = Release|Win32
		{34132E0E-D234-49CE-B679-148478871B02}.Release|Win32.Deploy.0 = Release|Win32
		{34132E0E-D234-49CE-B679-148478871B02}.Release|x64.ActiveCfg = Release|x64
		{34132E0E-D234-49CE-B679-148478871B02}.Release|x64.Build.0 = Release|x64
		{34132E0E-D234-49CE-B679-148478871B02}.Release|x64.Deploy.0 = Release|x64
		{37CF4205-760C-468A-A2CD-3CD7CCE38BA6}.Debug|Win32.ActiveCfg = Debug|Win32
		{37CF4205-760C-468A-A2CD-3CD7CCE38BA6}.Debug|Win32.Build.0 = Debug|Win32
		{37CF4205-760C-468A-A2CD-3CD7CCE38BA6}.Debug|Win32.Deploy.0 = Debug|Win32
		{37CF4205-760C-468A-A2CD-3CD7CCE38BA6}.Debug|x64.ActiveCfg = Debug|x64
		{37CF4205-760C-468A-A2CD-3CD7CCE38BA6}.Debug|x64.Build.0 = Debug|x64
		{37CF4205-760C-468A-A2CD-3CD7CCE38BA6}.Debug|x64.Deploy.0 = Debug|x64
		{37CF4205-760C-468A-A2CD-3CD7CCE38BA6}.Release|Win32.ActiveCfg = Release|Win32
		{37CF4205-760C-468A-A2CD-3CD7CCE38BA6}.Release|Win32.Build.0 = Release|Win32
		{37CF4205-760C-468A-A2CD-3CD7CCE38BA6}.Release|Win32.Deploy.0 = Release|Win32
		{37CF4205-760C-468A-A2CD-3CD7CCE38BA6}.Release|x64.ActiveCfg = Release|x64
		{37CF4205-760C-468A-A2CD-3CD7CCE38BA6}.Release|x64.Build.0 = Release|x64
		{37CF4205-760C-468A-A2CD-3CD7CCE38BA6}.Release|x64.Deploy.0 = Release|x64
		{695C9C06-C529-40DF-B916-D9DD41594C98}.Debug|Win32.ActiveCfg = Debug|Win32
		{695C9C06-C529-40DF-B916-D9DD41594C98}.Debug|Win32.Build.0 = Debug|Win32
		{695C9C06-C529-40DF-B916-D9DD41594C98}.Debug|Win32.Deploy.0 = Debug|Win32
		{695C9C06-C529-40DF-B916-D9DD41594C98}.Debug|x64.ActiveCfg = Debug|x64
		{695C9C06-C529-40DF-B916-D9DD41594C98}.Debug|x64.Build.0 = Debug|x64
		{695C9C06-C529-40DF-B916-D9DD41594C98}.Debug|x64.Deploy.0 = Debug|x64
		{695C9C06-C529-40DF-B916-D9DD41594C98}.Release|Win32.ActiveCfg = Release|Win32
		{695C9C06-C529-40DF-B916-D9DD41594C98}.Release|Win32.Build.0 = Release|Win32
		{695C9C06-C529-40DF-B916-D9DD41594C98}.Release|Win32.Deploy.0 = Release|Win32
		{695C9C06-C529-40DF-B916-D9DD41594C98}.Release|x64.ActiveCfg = Release|x64
		{695C9C06-C529-40DF-B916-D9DD41594C98}.Release|x64.Build.0 = Release|x64
		{695C9C06-C529-40DF-B916-D9DD41594C98}.Release|x64.Deploy.0 = Release|x64
	EndGlobalSection
	GlobalSection(SolutionProperties) = preSolution
		HideSolutionNode = FALSE
	EndGlobalSection
EndGlobal
