
Microsoft Visual Studio Solution File, Format Version 11.00
# Visual Studio Version 16
Project("{8BC9CEB8-8B4A-11D0-8D11-00A0C91BC942}") = "3d", "3d.vcxproj", "{E49504BF-01A1-40BD-A817-8359C627865B}"
EndProject
Project("{8BC9CEB8-8B4A-11D0-8D11-00A0C91BC942}") = "3d_multi", "3d_multi.vcxproj", "{89AC630C-36F1-4A7F-B6C2-05551D1BE53C}"
EndProject
Project("{8BC9CEB8-8B4A-11D0-8D11-00A0C91BC942}") = "event_parameter", "event_parameter.vcxproj", "{C48A13A9-63B6-43D6-890F-DB5768C8AB16}"
EndProject
Project("{8BC9CEB8-8B4A-11D0-8D11-00A0C91BC942}") = "load_banks", "load_banks.vcxproj", "{19098994-FBA4-4515-8BD8-DEBBF724FF86}"
EndProject
Project("{8BC9CEB8-8B4A-11D0-8D11-00A0C91BC942}") = "music_callbacks", "music_callbacks.vcxproj", "{08601C76-CA31-45D2-A07F-BB5C494C4880}"
EndProject
Project("{8BC9CEB8-8B4A-11D0-8D11-00A0C91BC942}") = "objectpan", "objectpan.vcxproj", "{7C96D7F3-FCA4-499F-8915-1134A4D574E6}"
EndProject
Project("{8BC9CEB8-8B4A-11D0-8D11-00A0C91BC942}") = "programmer_sound", "programmer_sound.vcxproj", "{1C83BB60-43D6-47C6-A912-BA5C25BBD0FA}"
EndProject
Project("{8BC9CEB8-8B4A-11D0-8D11-00A0C91BC942}") = "recording_playback", "recording_playback.vcxproj", "{FB77896B-E4C7-4EB8-BA35-DE927424CDDF}"
EndProject
Project("{8BC9CEB8-8B4A-11D0-8D11-00A0C91BC942}") = "simple_event", "simple_event.vcxproj", "{6C88316A-1BC8-40D1-B506-CD93CFFD6573}"
EndProject
Global
	GlobalSection(SolutionConfigurationPlatforms) = preSolution
		Debug|Win32 = Debug|Win32
		Debug|x64 = Debug|x64
		Release|Win32 = Release|Win32
		Release|x64 = Release|x64
	EndGlobalSection
	GlobalSection(ProjectConfigurationPlatforms) = postSolution
		{E49504BF-01A1-40BD-A817-8359C627865B}.Debug|Win32.ActiveCfg = Debug|Win32
		{E49504BF-01A1-40BD-A817-8359C627865B}.Debug|Win32.Build.0 = Debug|Win32
		{E49504BF-01A1-40BD-A817-8359C627865B}.Debug|Win32.Deploy.0 = Debug|Win32
		{E49504BF-01A1-40BD-A817-8359C627865B}.Debug|x64.ActiveCfg = Debug|x64
		{E49504BF-01A1-40BD-A817-8359C627865B}.Debug|x64.Build.0 = Debug|x64
		{E49504BF-01A1-40BD-A817-8359C627865B}.Debug|x64.Deploy.0 = Debug|x64
		{E49504BF-01A1-40BD-A817-8359C627865B}.Release|Win32.ActiveCfg = Release|Win32
		{E49504BF-01A1-40BD-A817-8359C627865B}.Release|Win32.Build.0 = Release|Win32
		{E49504BF-01A1-40BD-A817-8359C627865B}.Release|Win32.Deploy.0 = Release|Win32
		{E49504BF-01A1-40BD-A817-8359C627865B}.Release|x64.ActiveCfg = Release|x64
		{E49504BF-01A1-40BD-A817-8359C627865B}.Release|x64.Build.0 = Release|x64
		{E49504BF-01A1-40BD-A817-8359C627865B}.Release|x64.Deploy.0 = Release|x64
		{89AC630C-36F1-4A7F-B6C2-05551D1BE53C}.Debug|Win32.ActiveCfg = Debug|Win32
		{89AC630C-36F1-4A7F-B6C2-05551D1BE53C}.Debug|Win32.Build.0 = Debug|Win32
		{89AC630C-36F1-4A7F-B6C2-05551D1BE53C}.Debug|Win32.Deploy.0 = Debug|Win32
		{89AC630C-36F1-4A7F-B6C2-05551D1BE53C}.Debug|x64.ActiveCfg = Debug|x64
		{89AC630C-36F1-4A7F-B6C2-05551D1BE53C}.Debug|x64.Build.0 = Debug|x64
		{89AC630C-36F1-4A7F-B6C2-05551D1BE53C}.Debug|x64.Deploy.0 = Debug|x64
		{89AC630C-36F1-4A7F-B6C2-05551D1BE53C}.Release|Win32.ActiveCfg = Release|Win32
		{89AC630C-36F1-4A7F-B6C2-05551D1BE53C}.Release|Win32.Build.0 = Release|Win32
		{89AC630C-36F1-4A7F-B6C2-05551D1BE53C}.Release|Win32.Deploy.0 = Release|Win32
		{89AC630C-36F1-4A7F-B6C2-05551D1BE53C}.Release|x64.ActiveCfg = Release|x64
		{89AC630C-36F1-4A7F-B6C2-05551D1BE53C}.Release|x64.Build.0 = Release|x64
		{89AC630C-36F1-4A7F-B6C2-05551D1BE53C}.Release|x64.Deploy.0 = Release|x64
		{C48A13A9-63B6-43D6-890F-DB5768C8AB16}.Debug|Win32.ActiveCfg = Debug|Win32
		{C48A13A9-63B6-43D6-890F-DB5768C8AB16}.Debug|Win32.Build.0 = Debug|Win32
		{C48A13A9-63B6-43D6-890F-DB5768C8AB16}.Debug|Win32.Deploy.0 = Debug|Win32
		{C48A13A9-63B6-43D6-890F-DB5768C8AB16}.Debug|x64.ActiveCfg = Debug|x64
		{C48A13A9-63B6-43D6-890F-DB5768C8AB16}.Debug|x64.Build.0 = Debug|x64
		{C48A13A9-63B6-43D6-890F-DB5768C8AB16}.Debug|x64.Deploy.0 = Debug|x64
		{C48A13A9-63B6-43D6-890F-DB5768C8AB16}.Release|Win32.ActiveCfg = Release|Win32
		{C48A13A9-63B6-43D6-890F-DB5768C8AB16}.Release|Win32.Build.0 = Release|Win32
		{C48A13A9-63B6-43D6-890F-DB5768C8AB16}.Release|Win32.Deploy.0 = Release|Win32
		{C48A13A9-63B6-43D6-890F-DB5768C8AB16}.Release|x64.ActiveCfg = Release|x64
		{C48A13A9-63B6-43D6-890F-DB5768C8AB16}.Release|x64.Build.0 = Release|x64
		{C48A13A9-63B6-43D6-890F-DB5768C8AB16}.Release|x64.Deploy.0 = Release|x64
		{19098994-FBA4-4515-8BD8-DEBBF724FF86}.Debug|Win32.ActiveCfg = Debug|Win32
		{19098994-FBA4-4515-8BD8-DEBBF724FF86}.Debug|Win32.Build.0 = Debug|Win32
		{19098994-FBA4-4515-8BD8-DEBBF724FF86}.Debug|Win32.Deploy.0 = Debug|Win32
		{19098994-FBA4-4515-8BD8-DEBBF724FF86}.Debug|x64.ActiveCfg = Debug|x64
		{19098994-FBA4-4515-8BD8-DEBBF724FF86}.Debug|x64.Build.0 = Debug|x64
		{19098994-FBA4-4515-8BD8-DEBBF724FF86}.Debug|x64.Deploy.0 = Debug|x64
		{19098994-FBA4-4515-8BD8-DEBBF724FF86}.Release|Win32.ActiveCfg = Release|Win32
		{19098994-FBA4-4515-8BD8-DEBBF724FF86}.Release|Win32.Build.0 = Release|Win32
		{19098994-FBA4-4515-8BD8-DEBBF724FF86}.Release|Win32.Deploy.0 = Release|Win32
		{19098994-FBA4-4515-8BD8-DEBBF724FF86}.Release|x64.ActiveCfg = Release|x64
		{19098994-FBA4-4515-8BD8-DEBBF724FF86}.Release|x64.Build.0 = Release|x64
		{19098994-FBA4-4515-8BD8-DEBBF724FF86}.Release|x64.Deploy.0 = Release|x64
		{08601C76-CA31-45D2-A07F-BB5C494C4880}.Debug|Win32.ActiveCfg = Debug|Win32
		{08601C76-CA31-45D2-A07F-BB5C494C4880}.Debug|Win32.Build.0 = Debug|Win32
		{08601C76-CA31-45D2-A07F-BB5C494C4880}.Debug|Win32.Deploy.0 = Debug|Win32
		{08601C76-CA31-45D2-A07F-BB5C494C4880}.Debug|x64.ActiveCfg = Debug|x64
		{08601C76-CA31-45D2-A07F-BB5C494C4880}.Debug|x64.Build.0 = Debug|x64
		{08601C76-CA31-45D2-A07F-BB5C494C4880}.Debug|x64.Deploy.0 = Debug|x64
		{08601C76-CA31-45D2-A07F-BB5C494C4880}.Release|Win32.ActiveCfg = Release|Win32
		{08601C76-CA31-45D2-A07F-BB5C494C4880}.Release|Win32.Build.0 = Release|Win32
		{08601C76-CA31-45D2-A07F-BB5C494C4880}.Release|Win32.Deploy.0 = Release|Win32
		{08601C76-CA31-45D2-A07F-BB5C494C4880}.Release|x64.ActiveCfg = Release|x64
		{08601C76-CA31-45D2-A07F-BB5C494C4880}.Release|x64.Build.0 = Release|x64
		{08601C76-CA31-45D2-A07F-BB5C494C4880}.Release|x64.Deploy.0 = Release|x64
		{7C96D7F3-FCA4-499F-8915-1134A4D574E6}.Debug|Win32.ActiveCfg = Debug|Win32
		{7C96D7F3-FCA4-499F-8915-1134A4D574E6}.Debug|Win32.Build.0 = Debug|Win32
		{7C96D7F3-FCA4-499F-8915-1134A4D574E6}.Debug|Win32.Deploy.0 = Debug|Win32
		{7C96D7F3-FCA4-499F-8915-1134A4D574E6}.Debug|x64.ActiveCfg = Debug|x64
		{7C96D7F3-FCA4-499F-8915-1134A4D574E6}.Debug|x64.Build.0 = Debug|x64
		{7C96D7F3-FCA4-499F-8915-1134A4D574E6}.Debug|x64.Deploy.0 = Debug|x64
		{7C96D7F3-FCA4-499F-8915-1134A4D574E6}.Release|Win32.ActiveCfg = Release|Win32
		{7C96D7F3-FCA4-499F-8915-1134A4D574E6}.Release|Win32.Build.0 = Release|Win32
		{7C96D7F3-FCA4-499F-8915-1134A4D574E6}.Release|Win32.Deploy.0 = Release|Win32
		{7C96D7F3-FCA4-499F-8915-1134A4D574E6}.Release|x64.ActiveCfg = Release|x64
		{7C96D7F3-FCA4-499F-8915-1134A4D574E6}.Release|x64.Build.0 = Release|x64
		{7C96D7F3-FCA4-499F-8915-1134A4D574E6}.Release|x64.Deploy.0 = Release|x64
		{1C83BB60-43D6-47C6-A912-BA5C25BBD0FA}.Debug|Win32.ActiveCfg = Debug|Win32
		{1C83BB60-43D6-47C6-A912-BA5C25BBD0FA}.Debug|Win32.Build.0 = Debug|Win32
		{1C83BB60-43D6-47C6-A912-BA5C25BBD0FA}.Debug|Win32.Deploy.0 = Debug|Win32
		{1C83BB60-43D6-47C6-A912-BA5C25BBD0FA}.Debug|x64.ActiveCfg = Debug|x64
		{1C83BB60-43D6-47C6-A912-BA5C25BBD0FA}.Debug|x64.Build.0 = Debug|x64
		{1C83BB60-43D6-47C6-A912-BA5C25BBD0FA}.Debug|x64.Deploy.0 = Debug|x64
		{1C83BB60-43D6-47C6-A912-BA5C25BBD0FA}.Release|Win32.ActiveCfg = Release|Win32
		{1C83BB60-43D6-47C6-A912-BA5C25BBD0FA}.Release|Win32.Build.0 = Release|Win32
		{1C83BB60-43D6-47C6-A912-BA5C25BBD0FA}.Release|Win32.Deploy.0 = Release|Win32
		{1C83BB60-43D6-47C6-A912-BA5C25BBD0FA}.Release|x64.ActiveCfg = Release|x64
		{1C83BB60-43D6-47C6-A912-BA5C25BBD0FA}.Release|x64.Build.0 = Release|x64
		{1C83BB60-43D6-47C6-A912-BA5C25BBD0FA}.Release|x64.Deploy.0 = Release|x64
		{FB77896B-E4C7-4EB8-BA35-DE927424CDDF}.Debug|Win32.ActiveCfg = Debug|Win32
		{FB77896B-E4C7-4EB8-BA35-DE927424CDDF}.Debug|Win32.Build.0 = Debug|Win32
		{FB77896B-E4C7-4EB8-BA35-DE927424CDDF}.Debug|Win32.Deploy.0 = Debug|Win32
		{FB77896B-E4C7-4EB8-BA35-DE927424CDDF}.Debug|x64.ActiveCfg = Debug|x64
		{FB77896B-E4C7-4EB8-BA35-DE927424CDDF}.Debug|x64.Build.0 = Debug|x64
		{FB77896B-E4C7-4EB8-BA35-DE927424CDDF}.Debug|x64.Deploy.0 = Debug|x64
		{FB77896B-E4C7-4EB8-BA35-DE927424CDDF}.Release|Win32.ActiveCfg = Release|Win32
		{FB77896B-E4C7-4EB8-BA35-DE927424CDDF}.Release|Win32.Build.0 = Release|Win32
		{FB77896B-E4C7-4EB8-BA35-DE927424CDDF}.Release|Win32.Deploy.0 = Release|Win32
		{FB77896B-E4C7-4EB8-BA35-DE927424CDDF}.Release|x64.ActiveCfg = Release|x64
		{FB77896B-E4C7-4EB8-BA35-DE927424CDDF}.Release|x64.Build.0 = Release|x64
		{FB77896B-E4C7-4EB8-BA35-DE927424CDDF}.Release|x64.Deploy.0 = Release|x64
		{6C88316A-1BC8-40D1-B506-CD93CFFD6573}.Debug|Win32.ActiveCfg = Debug|Win32
		{6C88316A-1BC8-40D1-B506-CD93CFFD6573}.Debug|Win32.Build.0 = Debug|Win32
		{6C88316A-1BC8-40D1-B506-CD93CFFD6573}.Debug|Win32.Deploy.0 = Debug|Win32
		{6C88316A-1BC8-40D1-B506-CD93CFFD6573}.Debug|x64.ActiveCfg = Debug|x64
		{6C88316A-1BC8-40D1-B506-CD93CFFD6573}.Debug|x64.Build.0 = Debug|x64
		{6C88316A-1BC8-40D1-B506-CD93CFFD6573}.Debug|x64.Deploy.0 = Debug|x64
		{6C88316A-1BC8-40D1-B506-CD93CFFD6573}.Release|Win32.ActiveCfg = Release|Win32
		{6C88316A-1BC8-40D1-B506-CD93CFFD6573}.Release|Win32.Build.0 = Release|Win32
		{6C88316A-1BC8-40D1-B506-CD93CFFD6573}.Release|Win32.Deploy.0 = Release|Win32
		{6C88316A-1BC8-40D1-B506-CD93CFFD6573}.Release|x64.ActiveCfg = Release|x64
		{6C88316A-1BC8-40D1-B506-CD93CFFD6573}.Release|x64.Build.0 = Release|x64
		{6C88316A-1BC8-40D1-B506-CD93CFFD6573}.Release|x64.Deploy.0 = Release|x64
	EndGlobalSection
	GlobalSection(SolutionProperties) = preSolution
		HideSolutionNode = FALSE
	EndGlobalSection
EndGlobal
