
Microsoft Visual Studio Solution File, Format Version 11.00
# Visual Studio Version 16
Project("{8BC9CEB8-8B4A-11D0-8D11-00A0C91BC942}") = "3d", "3d.vcxproj", "{3664F8E3-1AE5-4940-9691-BD49F40FF655}"
EndProject
Project("{8BC9CEB8-8B4A-11D0-8D11-00A0C91BC942}") = "asyncio", "asyncio.vcxproj", "{C914B022-3AFA-4563-9374-7BF47E68FBD6}"
EndProject
Project("{8BC9CEB8-8B4A-11D0-8D11-00A0C91BC942}") = "channel_groups", "channel_groups.vcxproj", "{AA18F2EB-35D4-4746-BB49-0EBAAB3789E6}"
EndProject
Project("{8BC9CEB8-8B4A-11D0-8D11-00A0C91BC942}") = "convolution_reverb", "convolution_reverb.vcxproj", "{9179BF43-6E99-4587-934C-1C7C2DA03023}"
EndProject
Project("{8BC9CEB8-8B4A-11D0-8D11-00A0C91BC942}") = "dsp_custom", "dsp_custom.vcxproj", "{FB81309E-E88D-4AC6-A994-1D1BFF0BAE72}"
EndProject
Project("{8BC9CEB8-8B4A-11D0-8D11-00A0C91BC942}") = "dsp_effect_per_speaker", "dsp_effect_per_speaker.vcxproj", "{349BA34A-9514-4939-A874-4E64B42B3CA7}"
EndProject
Project("{8BC9CEB8-8B4A-11D0-8D11-00A0C91BC942}") = "dsp_inspector", "dsp_inspector.vcxproj", "{9B39D1B6-94B4-4A0E-9BAD-22455AE7E747}"
EndProject
Project("{8BC9CEB8-8B4A-11D0-8D11-00A0C91BC942}") = "effects", "effects.vcxproj", "{CCF0C1C9-2F05-46FD-9C13-FCCBBF7F6F28}"
EndProject
Project("{8BC9CEB8-8B4A-11D0-8D11-00A0C91BC942}") = "gapless_playback", "gapless_playback.vcxproj", "{FC1DC52F-5EB9-435E-8049-C1F5E59BFC65}"
EndProject
Project("{8BC9CEB8-8B4A-11D0-8D11-00A0C91BC942}") = "generate_tone", "generate_tone.vcxproj", "{8340905F-CE52-4112-9359-E463CD0F487A}"
EndProject
Project("{8BC9CEB8-8B4A-11D0-8D11-00A0C91BC942}") = "granular_synth", "granular_synth.vcxproj", "{4A5C4892-0A6E-45D6-8C24-350E00E37ACA}"
EndProject
Project("{8BC9CEB8-8B4A-11D0-8D11-00A0C91BC942}") = "load_from_memory", "load_from_memory.vcxproj", "{A9756A26-2375-44E1-97BF-648B0BFCF380}"
EndProject
Project("{8BC9CEB8-8B4A-11D0-8D11-00A0C91BC942}") = "multiple_speaker", "multiple_speaker.vcxproj", "{A254006F-B44F-45E3-9464-22898435D3B9}"
EndProject
Project("{8BC9CEB8-8B4A-11D0-8D11-00A0C91BC942}") = "multiple_system", "multiple_system.vcxproj", "{95D893D8-D197-4CED-A09C-6522D9D10B9A}"
EndProject
Project("{8BC9CEB8-8B4A-11D0-8D11-00A0C91BC942}") = "net_stream", "net_stream.vcxproj", "{9AEF4E28-BAAC-45F1-9D90-0E45D73B0B21}"
EndProject
Project("{8BC9CEB8-8B4A-11D0-8D11-00A0C91BC942}") = "play_sound", "play_sound.vcxproj", "{0F249051-0080-4DF5-8943-D2791BEAC7E0}"
EndProject
Project("{8BC9CEB8-8B4A-11D0-8D11-00A0C91BC942}") = "play_stream", "play_stream.vcxproj", "{C49453B9-89E0-470D-BD19-9AA1144564BB}"
EndProject
Project("{8BC9CEB8-8B4A-11D0-8D11-00A0C91BC942}") = "record", "record.vcxproj", "{35B4F014-98FD-4DA4-AD42-42B2230DEBE6}"
EndProject
Project("{8BC9CEB8-8B4A-11D0-8D11-00A0C91BC942}") = "record_enumeration", "record_enumeration.vcxproj", "{982E299F-C5E8-4988-827B-4F9AF2937116}"
EndProject
Project("{8BC9CEB8-8B4A-11D0-8D11-00A0C91BC942}") = "user_created_sound", "user_created_sound.vcxproj", "{35E5A644-DB4A-4EC7-804A-66E609C41D96}"
EndProject
Project("{8BC9CEB8-8B4A-11D0-8D11-00A0C91BC942}") = "fmod_codec_raw", "fmod_codec_raw.vcxproj", "{8D81DE4C-1379-4172-855D-90C31CF7F549}"
EndProject
Project("{8BC9CEB8-8B4A-11D0-8D11-00A0C91BC942}") = "fmod_distance_filter", "fmod_distance_filter.vcxproj", "{B6589BBF-5028-42B1-AC77-D1CC8F4040BC}"
EndProject
Project("{8BC9CEB8-8B4A-11D0-8D11-00A0C91BC942}") = "fmod_gain", "fmod_gain.vcxproj", "{E6D69869-53DC-4F40-93E1-ACB59C57CBD8}"
EndProject
Project("{8BC9CEB8-8B4A-11D0-8D11-00A0C91BC942}") = "fmod_noise", "fmod_noise.vcxproj", "{11666DB0-90C9-4F17-92B9-C5625C3D9A6A}"
EndProject
Project("{8BC9CEB8-8B4A-11D0-8D11-00A0C91BC942}") = "output_mp3", "output_mp3.vcxproj", "{8C40A7AE-FEF4-4F3D-8522-E3B4A77FB822}"
EndProject
Global
	GlobalSection(SolutionConfigurationPlatforms) = preSolution
		Debug|Win32 = Debug|Win32
		Debug|x64 = Debug|x64
		Release|Win32 = Release|Win32
		Release|x64 = Release|x64
	EndGlobalSection
	GlobalSection(ProjectConfigurationPlatforms) = postSolution
		{3664F8E3-1AE5-4940-9691-BD49F40FF655}.Debug|Win32.ActiveCfg = Debug|Win32
		{3664F8E3-1AE5-4940-9691-BD49F40FF655}.Debug|Win32.Build.0 = Debug|Win32
		{3664F8E3-1AE5-4940-9691-BD49F40FF655}.Debug|Win32.Deploy.0 = Debug|Win32
		{3664F8E3-1AE5-4940-9691-BD49F40FF655}.Debug|x64.ActiveCfg = Debug|x64
		{3664F8E3-1AE5-4940-9691-BD49F40FF655}.Debug|x64.Build.0 = Debug|x64
		{3664F8E3-1AE5-4940-9691-BD49F40FF655}.Debug|x64.Deploy.0 = Debug|x64
		{3664F8E3-1AE5-4940-9691-BD49F40FF655}.Release|Win32.ActiveCfg = Release|Win32
		{3664F8E3-1AE5-4940-9691-BD49F40FF655}.Release|Win32.Build.0 = Release|Win32
		{3664F8E3-1AE5-4940-9691-BD49F40FF655}.Release|Win32.Deploy.0 = Release|Win32
		{3664F8E3-1AE5-4940-9691-BD49F40FF655}.Release|x64.ActiveCfg = Release|x64
		{3664F8E3-1AE5-4940-9691-BD49F40FF655}.Release|x64.Build.0 = Release|x64
		{3664F8E3-1AE5-4940-9691-BD49F40FF655}.Release|x64.Deploy.0 = Release|x64
		{C914B022-3AFA-4563-9374-7BF47E68FBD6}.Debug|Win32.ActiveCfg = Debug|Win32
		{C914B022-3AFA-4563-9374-7BF47E68FBD6}.Debug|Win32.Build.0 = Debug|Win32
		{C914B022-3AFA-4563-9374-7BF47E68FBD6}.Debug|Win32.Deploy.0 = Debug|Win32
		{C914B022-3AFA-4563-9374-7BF47E68FBD6}.Debug|x64.ActiveCfg = Debug|x64
		{C914B022-3AFA-4563-9374-7BF47E68FBD6}.Debug|x64.Build.0 = Debug|x64
		{C914B022-3AFA-4563-9374-7BF47E68FBD6}.Debug|x64.Deploy.0 = Debug|x64
		{C914B022-3AFA-4563-9374-7BF47E68FBD6}.Release|Win32.ActiveCfg = Release|Win32
		{C914B022-3AFA-4563-9374-7BF47E68FBD6}.Release|Win32.Build.0 = Release|Win32
		{C914B022-3AFA-4563-9374-7BF47E68FBD6}.Release|Win32.Deploy.0 = Release|Win32
		{C914B022-3AFA-4563-9374-7BF47E68FBD6}.Release|x64.ActiveCfg = Release|x64
		{C914B022-3AFA-4563-9374-7BF47E68FBD6}.Release|x64.Build.0 = Release|x64
		{C914B022-3AFA-4563-9374-7BF47E68FBD6}.Release|x64.Deploy.0 = Release|x64
		{AA18F2EB-35D4-4746-BB49-0EBAAB3789E6}.Debug|Win32.ActiveCfg = Debug|Win32
		{AA18F2EB-35D4-4746-BB49-0EBAAB3789E6}.Debug|Win32.Build.0 = Debug|Win32
		{AA18F2EB-35D4-4746-BB49-0EBAAB3789E6}.Debug|Win32.Deploy.0 = Debug|Win32
		{AA18F2EB-35D4-4746-BB49-0EBAAB3789E6}.Debug|x64.ActiveCfg = Debug|x64
		{AA18F2EB-35D4-4746-BB49-0EBAAB3789E6}.Debug|x64.Build.0 = Debug|x64
		{AA18F2EB-35D4-4746-BB49-0EBAAB3789E6}.Debug|x64.Deploy.0 = Debug|x64
		{AA18F2EB-35D4-4746-BB49-0EBAAB3789E6}.Release|Win32.ActiveCfg = Release|Win32
		{AA18F2EB-35D4-4746-BB49-0EBAAB3789E6}.Release|Win32.Build.0 = Release|Win32
		{AA18F2EB-35D4-4746-BB49-0EBAAB3789E6}.Release|Win32.Deploy.0 = Release|Win32
		{AA18F2EB-35D4-4746-BB49-0EBAAB3789E6}.Release|x64.ActiveCfg = Release|x64
		{AA18F2EB-35D4-4746-BB49-0EBAAB3789E6}.Release|x64.Build.0 = Release|x64
		{AA18F2EB-35D4-4746-BB49-0EBAAB3789E6}.Release|x64.Deploy.0 = Release|x64
		{9179BF43-6E99-4587-934C-1C7C2DA03023}.Debug|Win32.ActiveCfg = Debug|Win32
		{9179BF43-6E99-4587-934C-1C7C2DA03023}.Debug|Win32.Build.0 = Debug|Win32
		{9179BF43-6E99-4587-934C-1C7C2DA03023}.Debug|Win32.Deploy.0 = Debug|Win32
		{9179BF43-6E99-4587-934C-1C7C2DA03023}.Debug|x64.ActiveCfg = Debug|x64
		{9179BF43-6E99-4587-934C-1C7C2DA03023}.Debug|x64.Build.0 = Debug|x64
		{9179BF43-6E99-4587-934C-1C7C2DA03023}.Debug|x64.Deploy.0 = Debug|x64
		{9179BF43-6E99-4587-934C-1C7C2DA03023}.Release|Win32.ActiveCfg = Release|Win32
		{9179BF43-6E99-4587-934C-1C7C2DA03023}.Release|Win32.Build.0 = Release|Win32
		{9179BF43-6E99-4587-934C-1C7C2DA03023}.Release|Win32.Deploy.0 = Release|Win32
		{9179BF43-6E99-4587-934C-1C7C2DA03023}.Release|x64.ActiveCfg = Release|x64
		{9179BF43-6E99-4587-934C-1C7C2DA03023}.Release|x64.Build.0 = Release|x64
		{9179BF43-6E99-4587-934C-1C7C2DA03023}.Release|x64.Deploy.0 = Release|x64
		{FB81309E-E88D-4AC6-A994-1D1BFF0BAE72}.Debug|Win32.ActiveCfg = Debug|Win32
		{FB81309E-E88D-4AC6-A994-1D1BFF0BAE72}.Debug|Win32.Build.0 = Debug|Win32
		{FB81309E-E88D-4AC6-A994-1D1BFF0BAE72}.Debug|Win32.Deploy.0 = Debug|Win32
		{FB81309E-E88D-4AC6-A994-1D1BFF0BAE72}.Debug|x64.ActiveCfg = Debug|x64
		{FB81309E-E88D-4AC6-A994-1D1BFF0BAE72}.Debug|x64.Build.0 = Debug|x64
		{FB81309E-E88D-4AC6-A994-1D1BFF0BAE72}.Debug|x64.Deploy.0 = Debug|x64
		{FB81309E-E88D-4AC6-A994-1D1BFF0BAE72}.Release|Win32.ActiveCfg = Release|Win32
		{FB81309E-E88D-4AC6-A994-1D1BFF0BAE72}.Release|Win32.Build.0 = Release|Win32
		{FB81309E-E88D-4AC6-A994-1D1BFF0BAE72}.Release|Win32.Deploy.0 = Release|Win32
		{FB81309E-E88D-4AC6-A994-1D1BFF0BAE72}.Release|x64.ActiveCfg = Release|x64
		{FB81309E-E88D-4AC6-A994-1D1BFF0BAE72}.Release|x64.Build.0 = Release|x64
		{FB81309E-E88D-4AC6-A994-1D1BFF0BAE72}.Release|x64.Deploy.0 = Release|x64
		{349BA34A-9514-4939-A874-4E64B42B3CA7}.Debug|Win32.ActiveCfg = Debug|Win32
		{349BA34A-9514-4939-A874-4E64B42B3CA7}.Debug|Win32.Build.0 = Debug|Win32
		{349BA34A-9514-4939-A874-4E64B42B3CA7}.Debug|Win32.Deploy.0 = Debug|Win32
		{349BA34A-9514-4939-A874-4E64B42B3CA7}.Debug|x64.ActiveCfg = Debug|x64
		{349BA34A-9514-4939-A874-4E64B42B3CA7}.Debug|x64.Build.0 = Debug|x64
		{349BA34A-9514-4939-A874-4E64B42B3CA7}.Debug|x64.Deploy.0 = Debug|x64
		{349BA34A-9514-4939-A874-4E64B42B3CA7}.Release|Win32.ActiveCfg = Release|Win32
		{349BA34A-9514-4939-A874-4E64B42B3CA7}.Release|Win32.Build.0 = Release|Win32
		{349BA34A-9514-4939-A874-4E64B42B3CA7}.Release|Win32.Deploy.0 = Release|Win32
		{349BA34A-9514-4939-A874-4E64B42B3CA7}.Release|x64.ActiveCfg = Release|x64
		{349BA34A-9514-4939-A874-4E64B42B3CA7}.Release|x64.Build.0 = Release|x64
		{349BA34A-9514-4939-A874-4E64B42B3CA7}.Release|x64.Deploy.0 = Release|x64
		{9B39D1B6-94B4-4A0E-9BAD-22455AE7E747}.Debug|Win32.ActiveCfg = Debug|Win32
		{9B39D1B6-94B4-4A0E-9BAD-22455AE7E747}.Debug|Win32.Build.0 = Debug|Win32
		{9B39D1B6-94B4-4A0E-9BAD-22455AE7E747}.Debug|Win32.Deploy.0 = Debug|Win32
		{9B39D1B6-94B4-4A0E-9BAD-22455AE7E747}.Debug|x64.ActiveCfg = Debug|x64
		{9B39D1B6-94B4-4A0E-9BAD-22455AE7E747}.Debug|x64.Build.0 = Debug|x64
		{9B39D1B6-94B4-4A0E-9BAD-22455AE7E747}.Debug|x64.Deploy.0 = Debug|x64
		{9B39D1B6-94B4-4A0E-9BAD-22455AE7E747}.Release|Win32.ActiveCfg = Release|Win32
		{9B39D1B6-94B4-4A0E-9BAD-22455AE7E747}.Release|Win32.Build.0 = Release|Win32
		{9B39D1B6-94B4-4A0E-9BAD-22455AE7E747}.Release|Win32.Deploy.0 = Release|Win32
		{9B39D1B6-94B4-4A0E-9BAD-22455AE7E747}.Release|x64.ActiveCfg = Release|x64
		{9B39D1B6-94B4-4A0E-9BAD-22455AE7E747}.Release|x64.Build.0 = Release|x64
		{9B39D1B6-94B4-4A0E-9BAD-22455AE7E747}.Release|x64.Deploy.0 = Release|x64
		{CCF0C1C9-2F05-46FD-9C13-FCCBBF7F6F28}.Debug|Win32.ActiveCfg = Debug|Win32
		{CCF0C1C9-2F05-46FD-9C13-FCCBBF7F6F28}.Debug|Win32.Build.0 = Debug|Win32
		{CCF0C1C9-2F05-46FD-9C13-FCCBBF7F6F28}.Debug|Win32.Deploy.0 = Debug|Win32
		{CCF0C1C9-2F05-46FD-9C13-FCCBBF7F6F28}.Debug|x64.ActiveCfg = Debug|x64
		{CCF0C1C9-2F05-46FD-9C13-FCCBBF7F6F28}.Debug|x64.Build.0 = Debug|x64
		{CCF0C1C9-2F05-46FD-9C13-FCCBBF7F6F28}.Debug|x64.Deploy.0 = Debug|x64
		{CCF0C1C9-2F05-46FD-9C13-FCCBBF7F6F28}.Release|Win32.ActiveCfg = Release|Win32
		{CCF0C1C9-2F05-46FD-9C13-FCCBBF7F6F28}.Release|Win32.Build.0 = Release|Win32
		{CCF0C1C9-2F05-46FD-9C13-FCCBBF7F6F28}.Release|Win32.Deploy.0 = Release|Win32
		{CCF0C1C9-2F05-46FD-9C13-FCCBBF7F6F28}.Release|x64.ActiveCfg = Release|x64
		{CCF0C1C9-2F05-46FD-9C13-FCCBBF7F6F28}.Release|x64.Build.0 = Release|x64
		{CCF0C1C9-2F05-46FD-9C13-FCCBBF7F6F28}.Release|x64.Deploy.0 = Release|x64
		{FC1DC52F-5EB9-435E-8049-C1F5E59BFC65}.Debug|Win32.ActiveCfg = Debug|Win32
		{FC1DC52F-5EB9-435E-8049-C1F5E59BFC65}.Debug|Win32.Build.0 = Debug|Win32
		{FC1DC52F-5EB9-435E-8049-C1F5E59BFC65}.Debug|Win32.Deploy.0 = Debug|Win32
		{FC1DC52F-5EB9-435E-8049-C1F5E59BFC65}.Debug|x64.ActiveCfg = Debug|x64
		{FC1DC52F-5EB9-435E-8049-C1F5E59BFC65}.Debug|x64.Build.0 = Debug|x64
		{FC1DC52F-5EB9-435E-8049-C1F5E59BFC65}.Debug|x64.Deploy.0 = Debug|x64
		{FC1DC52F-5EB9-435E-8049-C1F5E59BFC65}.Release|Win32.ActiveCfg = Release|Win32
		{FC1DC52F-5EB9-435E-8049-C1F5E59BFC65}.Release|Win32.Build.0 = Release|Win32
		{FC1DC52F-5EB9-435E-8049-C1F5E59BFC65}.Release|Win32.Deploy.0 = Release|Win32
		{FC1DC52F-5EB9-435E-8049-C1F5E59BFC65}.Release|x64.ActiveCfg = Release|x64
		{FC1DC52F-5EB9-435E-8049-C1F5E59BFC65}.Release|x64.Build.0 = Release|x64
		{FC1DC52F-5EB9-435E-8049-C1F5E59BFC65}.Release|x64.Deploy.0 = Release|x64
		{8340905F-CE52-4112-9359-E463CD0F487A}.Debug|Win32.ActiveCfg = Debug|Win32
		{8340905F-CE52-4112-9359-E463CD0F487A}.Debug|Win32.Build.0 = Debug|Win32
		{8340905F-CE52-4112-9359-E463CD0F487A}.Debug|Win32.Deploy.0 = Debug|Win32
		{8340905F-CE52-4112-9359-E463CD0F487A}.Debug|x64.ActiveCfg = Debug|x64
		{8340905F-CE52-4112-9359-E463CD0F487A}.Debug|x64.Build.0 = Debug|x64
		{8340905F-CE52-4112-9359-E463CD0F487A}.Debug|x64.Deploy.0 = Debug|x64
		{8340905F-CE52-4112-9359-E463CD0F487A}.Release|Win32.ActiveCfg = Release|Win32
		{8340905F-CE52-4112-9359-E463CD0F487A}.Release|Win32.Build.0 = Release|Win32
		{8340905F-CE52-4112-9359-E463CD0F487A}.Release|Win32.Deploy.0 = Release|Win32
		{8340905F-CE52-4112-9359-E463CD0F487A}.Release|x64.ActiveCfg = Release|x64
		{8340905F-CE52-4112-9359-E463CD0F487A}.Release|x64.Build.0 = Release|x64
		{8340905F-CE52-4112-9359-E463CD0F487A}.Release|x64.Deploy.0 = Release|x64
		{4A5C4892-0A6E-45D6-8C24-350E00E37ACA}.Debug|Win32.ActiveCfg = Debug|Win32
		{4A5C4892-0A6E-45D6-8C24-350E00E37ACA}.Debug|Win32.Build.0 = Debug|Win32
		{4A5C4892-0A6E-45D6-8C24-350E00E37ACA}.Debug|Win32.Deploy.0 = Debug|Win32
		{4A5C4892-0A6E-45D6-8C24-350E00E37ACA}.Debug|x64.ActiveCfg = Debug|x64
		{4A5C4892-0A6E-45D6-8C24-350E00E37ACA}.Debug|x64.Build.0 = Debug|x64
		{4A5C4892-0A6E-45D6-8C24-350E00E37ACA}.Debug|x64.Deploy.0 = Debug|x64
		{4A5C4892-0A6E-45D6-8C24-350E00E37ACA}.Release|Win32.ActiveCfg = Release|Win32
		{4A5C4892-0A6E-45D6-8C24-350E00E37ACA}.Release|Win32.Build.0 = Release|Win32
		{4A5C4892-0A6E-45D6-8C24-350E00E37ACA}.Release|Win32.Deploy.0 = Release|Win32
		{4A5C4892-0A6E-45D6-8C24-350E00E37ACA}.Release|x64.ActiveCfg = Release|x64
		{4A5C4892-0A6E-45D6-8C24-350E00E37ACA}.Release|x64.Build.0 = Release|x64
		{4A5C4892-0A6E-45D6-8C24-350E00E37ACA}.Release|x64.Deploy.0 = Release|x64
		{A9756A26-2375-44E1-97BF-648B0BFCF380}.Debug|Win32.ActiveCfg = Debug|Win32
		{A9756A26-2375-44E1-97BF-648B0BFCF380}.Debug|Win32.Build.0 = Debug|Win32
		{A9756A26-2375-44E1-97BF-648B0BFCF380}.Debug|Win32.Deploy.0 = Debug|Win32
		{A9756A26-2375-44E1-97BF-648B0BFCF380}.Debug|x64.ActiveCfg = Debug|x64
		{A9756A26-2375-44E1-97BF-648B0BFCF380}.Debug|x64.Build.0 = Debug|x64
		{A9756A26-2375-44E1-97BF-648B0BFCF380}.Debug|x64.Deploy.0 = Debug|x64
		{A9756A26-2375-44E1-97BF-648B0BFCF380}.Release|Win32.ActiveCfg = Release|Win32
		{A9756A26-2375-44E1-97BF-648B0BFCF380}.Release|Win32.Build.0 = Release|Win32
		{A9756A26-2375-44E1-97BF-648B0BFCF380}.Release|Win32.Deploy.0 = Release|Win32
		{A9756A26-2375-44E1-97BF-648B0BFCF380}.Release|x64.ActiveCfg = Release|x64
		{A9756A26-2375-44E1-97BF-648B0BFCF380}.Release|x64.Build.0 = Release|x64
		{A9756A26-2375-44E1-97BF-648B0BFCF380}.Release|x64.Deploy.0 = Release|x64
		{A254006F-B44F-45E3-9464-22898435D3B9}.Debug|Win32.ActiveCfg = Debug|Win32
		{A254006F-B44F-45E3-9464-22898435D3B9}.Debug|Win32.Build.0 = Debug|Win32
		{A254006F-B44F-45E3-9464-22898435D3B9}.Debug|Win32.Deploy.0 = Debug|Win32
		{A254006F-B44F-45E3-9464-22898435D3B9}.Debug|x64.ActiveCfg = Debug|x64
		{A254006F-B44F-45E3-9464-22898435D3B9}.Debug|x64.Build.0 = Debug|x64
		{A254006F-B44F-45E3-9464-22898435D3B9}.Debug|x64.Deploy.0 = Debug|x64
		{A254006F-B44F-45E3-9464-22898435D3B9}.Release|Win32.ActiveCfg = Release|Win32
		{A254006F-B44F-45E3-9464-22898435D3B9}.Release|Win32.Build.0 = Release|Win32
		{A254006F-B44F-45E3-9464-22898435D3B9}.Release|Win32.Deploy.0 = Release|Win32
		{A254006F-B44F-45E3-9464-22898435D3B9}.Release|x64.ActiveCfg = Release|x64
		{A254006F-B44F-45E3-9464-22898435D3B9}.Release|x64.Build.0 = Release|x64
		{A254006F-B44F-45E3-9464-22898435D3B9}.Release|x64.Deploy.0 = Release|x64
		{95D893D8-D197-4CED-A09C-6522D9D10B9A}.Debug|Win32.ActiveCfg = Debug|Win32
		{95D893D8-D197-4CED-A09C-6522D9D10B9A}.Debug|Win32.Build.0 = Debug|Win32
		{95D893D8-D197-4CED-A09C-6522D9D10B9A}.Debug|Win32.Deploy.0 = Debug|Win32
		{95D893D8-D197-4CED-A09C-6522D9D10B9A}.Debug|x64.ActiveCfg = Debug|x64
		{95D893D8-D197-4CED-A09C-6522D9D10B9A}.Debug|x64.Build.0 = Debug|x64
		{95D893D8-D197-4CED-A09C-6522D9D10B9A}.Debug|x64.Deploy.0 = Debug|x64
		{95D893D8-D197-4CED-A09C-6522D9D10B9A}.Release|Win32.ActiveCfg = Release|Win32
		{95D893D8-D197-4CED-A09C-6522D9D10B9A}.Release|Win32.Build.0 = Release|Win32
		{95D893D8-D197-4CED-A09C-6522D9D10B9A}.Release|Win32.Deploy.0 = Release|Win32
		{95D893D8-D197-4CED-A09C-6522D9D10B9A}.Release|x64.ActiveCfg = Release|x64
		{95D893D8-D197-4CED-A09C-6522D9D10B9A}.Release|x64.Build.0 = Release|x64
		{95D893D8-D197-4CED-A09C-6522D9D10B9A}.Release|x64.Deploy.0 = Release|x64
		{9AEF4E28-BAAC-45F1-9D90-0E45D73B0B21}.Debug|Win32.ActiveCfg = Debug|Win32
		{9AEF4E28-BAAC-45F1-9D90-0E45D73B0B21}.Debug|Win32.Build.0 = Debug|Win32
		{9AEF4E28-BAAC-45F1-9D90-0E45D73B0B21}.Debug|Win32.Deploy.0 = Debug|Win32
		{9AEF4E28-BAAC-45F1-9D90-0E45D73B0B21}.Debug|x64.ActiveCfg = Debug|x64
		{9AEF4E28-BAAC-45F1-9D90-0E45D73B0B21}.Debug|x64.Build.0 = Debug|x64
		{9AEF4E28-BAAC-45F1-9D90-0E45D73B0B21}.Debug|x64.Deploy.0 = Debug|x64
		{9AEF4E28-BAAC-45F1-9D90-0E45D73B0B21}.Release|Win32.ActiveCfg = Release|Win32
		{9AEF4E28-BAAC-45F1-9D90-0E45D73B0B21}.Release|Win32.Build.0 = Release|Win32
		{9AEF4E28-BAAC-45F1-9D90-0E45D73B0B21}.Release|Win32.Deploy.0 = Release|Win32
		{9AEF4E28-BAAC-45F1-9D90-0E45D73B0B21}.Release|x64.ActiveCfg = Release|x64
		{9AEF4E28-BAAC-45F1-9D90-0E45D73B0B21}.Release|x64.Build.0 = Release|x64
		{9AEF4E28-BAAC-45F1-9D90-0E45D73B0B21}.Release|x64.Deploy.0 = Release|x64
		{0F249051-0080-4DF5-8943-D2791BEAC7E0}.Debug|Win32.ActiveCfg = Debug|Win32
		{0F249051-0080-4DF5-8943-D2791BEAC7E0}.Debug|Win32.Build.0 = Debug|Win32
		{0F249051-0080-4DF5-8943-D2791BEAC7E0}.Debug|Win32.Deploy.0 = Debug|Win32
		{0F249051-0080-4DF5-8943-D2791BEAC7E0}.Debug|x64.ActiveCfg = Debug|x64
		{0F249051-0080-4DF5-8943-D2791BEAC7E0}.Debug|x64.Build.0 = Debug|x64
		{0F249051-0080-4DF5-8943-D2791BEAC7E0}.Debug|x64.Deploy.0 = Debug|x64
		{0F249051-0080-4DF5-8943-D2791BEAC7E0}.Release|Win32.ActiveCfg = Release|Win32
		{0F249051-0080-4DF5-8943-D2791BEAC7E0}.Release|Win32.Build.0 = Release|Win32
		{0F249051-0080-4DF5-8943-D2791BEAC7E0}.Release|Win32.Deploy.0 = Release|Win32
		{0F249051-0080-4DF5-8943-D2791BEAC7E0}.Release|x64.ActiveCfg = Release|x64
		{0F249051-0080-4DF5-8943-D2791BEAC7E0}.Release|x64.Build.0 = Release|x64
		{0F249051-0080-4DF5-8943-D2791BEAC7E0}.Release|x64.Deploy.0 = Release|x64
		{C49453B9-89E0-470D-BD19-9AA1144564BB}.Debug|Win32.ActiveCfg = Debug|Win32
		{C49453B9-89E0-470D-BD19-9AA1144564BB}.Debug|Win32.Build.0 = Debug|Win32
		{C49453B9-89E0-470D-BD19-9AA1144564BB}.Debug|Win32.Deploy.0 = Debug|Win32
		{C49453B9-89E0-470D-BD19-9AA1144564BB}.Debug|x64.ActiveCfg = Debug|x64
		{C49453B9-89E0-470D-BD19-9AA1144564BB}.Debug|x64.Build.0 = Debug|x64
		{C49453B9-89E0-470D-BD19-9AA1144564BB}.Debug|x64.Deploy.0 = Debug|x64
		{C49453B9-89E0-470D-BD19-9AA1144564BB}.Release|Win32.ActiveCfg = Release|Win32
		{C49453B9-89E0-470D-BD19-9AA1144564BB}.Release|Win32.Build.0 = Release|Win32
		{C49453B9-89E0-470D-BD19-9AA1144564BB}.Release|Win32.Deploy.0 = Release|Win32
		{C49453B9-89E0-470D-BD19-9AA1144564BB}.Release|x64.ActiveCfg = Release|x64
		{C49453B9-89E0-470D-BD19-9AA1144564BB}.Release|x64.Build.0 = Release|x64
		{C49453B9-89E0-470D-BD19-9AA1144564BB}.Release|x64.Deploy.0 = Release|x64
		{35B4F014-98FD-4DA4-AD42-42B2230DEBE6}.Debug|Win32.ActiveCfg = Debug|Win32
		{35B4F014-98FD-4DA4-AD42-42B2230DEBE6}.Debug|Win32.Build.0 = Debug|Win32
		{35B4F014-98FD-4DA4-AD42-42B2230DEBE6}.Debug|Win32.Deploy.0 = Debug|Win32
		{35B4F014-98FD-4DA4-AD42-42B2230DEBE6}.Debug|x64.ActiveCfg = Debug|x64
		{35B4F014-98FD-4DA4-AD42-42B2230DEBE6}.Debug|x64.Build.0 = Debug|x64
		{35B4F014-98FD-4DA4-AD42-42B2230DEBE6}.Debug|x64.Deploy.0 = Debug|x64
		{35B4F014-98FD-4DA4-AD42-42B2230DEBE6}.Release|Win32.ActiveCfg = Release|Win32
		{35B4F014-98FD-4DA4-AD42-42B2230DEBE6}.Release|Win32.Build.0 = Release|Win32
		{35B4F014-98FD-4DA4-AD42-42B2230DEBE6}.Release|Win32.Deploy.0 = Release|Win32
		{35B4F014-98FD-4DA4-AD42-42B2230DEBE6}.Release|x64.ActiveCfg = Release|x64
		{35B4F014-98FD-4DA4-AD42-42B2230DEBE6}.Release|x64.Build.0 = Release|x64
		{35B4F014-98FD-4DA4-AD42-42B2230DEBE6}.Release|x64.Deploy.0 = Release|x64
		{982E299F-C5E8-4988-827B-4F9AF2937116}.Debug|Win32.ActiveCfg = Debug|Win32
		{982E299F-C5E8-4988-827B-4F9AF2937116}.Debug|Win32.Build.0 = Debug|Win32
		{982E299F-C5E8-4988-827B-4F9AF2937116}.Debug|Win32.Deploy.0 = Debug|Win32
		{982E299F-C5E8-4988-827B-4F9AF2937116}.Debug|x64.ActiveCfg = Debug|x64
		{982E299F-C5E8-4988-827B-4F9AF2937116}.Debug|x64.Build.0 = Debug|x64
		{982E299F-C5E8-4988-827B-4F9AF2937116}.Debug|x64.Deploy.0 = Debug|x64
		{982E299F-C5E8-4988-827B-4F9AF2937116}.Release|Win32.ActiveCfg = Release|Win32
		{982E299F-C5E8-4988-827B-4F9AF2937116}.Release|Win32.Build.0 = Release|Win32
		{982E299F-C5E8-4988-827B-4F9AF2937116}.Release|Win32.Deploy.0 = Release|Win32
		{982E299F-C5E8-4988-827B-4F9AF2937116}.Release|x64.ActiveCfg = Release|x64
		{982E299F-C5E8-4988-827B-4F9AF2937116}.Release|x64.Build.0 = Release|x64
		{982E299F-C5E8-4988-827B-4F9AF2937116}.Release|x64.Deploy.0 = Release|x64
		{35E5A644-DB4A-4EC7-804A-66E609C41D96}.Debug|Win32.ActiveCfg = Debug|Win32
		{35E5A644-DB4A-4EC7-804A-66E609C41D96}.Debug|Win32.Build.0 = Debug|Win32
		{35E5A644-DB4A-4EC7-804A-66E609C41D96}.Debug|Win32.Deploy.0 = Debug|Win32
		{35E5A644-DB4A-4EC7-804A-66E609C41D96}.Debug|x64.ActiveCfg = Debug|x64
		{35E5A644-DB4A-4EC7-804A-66E609C41D96}.Debug|x64.Build.0 = Debug|x64
		{35E5A644-DB4A-4EC7-804A-66E609C41D96}.Debug|x64.Deploy.0 = Debug|x64
		{35E5A644-DB4A-4EC7-804A-66E609C41D96}.Release|Win32.ActiveCfg = Release|Win32
		{35E5A644-DB4A-4EC7-804A-66E609C41D96}.Release|Win32.Build.0 = Release|Win32
		{35E5A644-DB4A-4EC7-804A-66E609C41D96}.Release|Win32.Deploy.0 = Release|Win32
		{35E5A644-DB4A-4EC7-804A-66E609C41D96}.Release|x64.ActiveCfg = Release|x64
		{35E5A644-DB4A-4EC7-804A-66E609C41D96}.Release|x64.Build.0 = Release|x64
		{35E5A644-DB4A-4EC7-804A-66E609C41D96}.Release|x64.Deploy.0 = Release|x64
		{8D81DE4C-1379-4172-855D-90C31CF7F549}.Debug|Win32.ActiveCfg = Debug|Win32
		{8D81DE4C-1379-4172-855D-90C31CF7F549}.Debug|Win32.Build.0 = Debug|Win32
		{8D81DE4C-1379-4172-855D-90C31CF7F549}.Debug|Win32.Deploy.0 = Debug|Win32
		{8D81DE4C-1379-4172-855D-90C31CF7F549}.Debug|x64.ActiveCfg = Debug|x64
		{8D81DE4C-1379-4172-855D-90C31CF7F549}.Debug|x64.Build.0 = Debug|x64
		{8D81DE4C-1379-4172-855D-90C31CF7F549}.Debug|x64.Deploy.0 = Debug|x64
		{8D81DE4C-1379-4172-855D-90C31CF7F549}.Release|Win32.ActiveCfg = Release|Win32
		{8D81DE4C-1379-4172-855D-90C31CF7F549}.Release|Win32.Build.0 = Release|Win32
		{8D81DE4C-1379-4172-855D-90C31CF7F549}.Release|Win32.Deploy.0 = Release|Win32
		{8D81DE4C-1379-4172-855D-90C31CF7F549}.Release|x64.ActiveCfg = Release|x64
		{8D81DE4C-1379-4172-855D-90C31CF7F549}.Release|x64.Build.0 = Release|x64
		{8D81DE4C-1379-4172-855D-90C31CF7F549}.Release|x64.Deploy.0 = Release|x64
		{B6589BBF-5028-42B1-AC77-D1CC8F4040BC}.Debug|Win32.ActiveCfg = Debug|Win32
		{B6589BBF-5028-42B1-AC77-D1CC8F4040BC}.Debug|Win32.Build.0 = Debug|Win32
		{B6589BBF-5028-42B1-AC77-D1CC8F4040BC}.Debug|Win32.Deploy.0 = Debug|Win32
		{B6589BBF-5028-42B1-AC77-D1CC8F4040BC}.Debug|x64.ActiveCfg = Debug|x64
		{B6589BBF-5028-42B1-AC77-D1CC8F4040BC}.Debug|x64.Build.0 = Debug|x64
		{B6589BBF-5028-42B1-AC77-D1CC8F4040BC}.Debug|x64.Deploy.0 = Debug|x64
		{B6589BBF-5028-42B1-AC77-D1CC8F4040BC}.Release|Win32.ActiveCfg = Release|Win32
		{B6589BBF-5028-42B1-AC77-D1CC8F4040BC}.Release|Win32.Build.0 = Release|Win32
		{B6589BBF-5028-42B1-AC77-D1CC8F4040BC}.Release|Win32.Deploy.0 = Release|Win32
		{B6589BBF-5028-42B1-AC77-D1CC8F4040BC}.Release|x64.ActiveCfg = Release|x64
		{B6589BBF-5028-42B1-AC77-D1CC8F4040BC}.Release|x64.Build.0 = Release|x64
		{B6589BBF-5028-42B1-AC77-D1CC8F4040BC}.Release|x64.Deploy.0 = Release|x64
		{E6D69869-53DC-4F40-93E1-ACB59C57CBD8}.Debug|Win32.ActiveCfg = Debug|Win32
		{E6D69869-53DC-4F40-93E1-ACB59C57CBD8}.Debug|Win32.Build.0 = Debug|Win32
		{E6D69869-53DC-4F40-93E1-ACB59C57CBD8}.Debug|Win32.Deploy.0 = Debug|Win32
		{E6D69869-53DC-4F40-93E1-ACB59C57CBD8}.Debug|x64.ActiveCfg = Debug|x64
		{E6D69869-53DC-4F40-93E1-ACB59C57CBD8}.Debug|x64.Build.0 = Debug|x64
		{E6D69869-53DC-4F40-93E1-ACB59C57CBD8}.Debug|x64.Deploy.0 = Debug|x64
		{E6D69869-53DC-4F40-93E1-ACB59C57CBD8}.Release|Win32.ActiveCfg = Release|Win32
		{E6D69869-53DC-4F40-93E1-ACB59C57CBD8}.Release|Win32.Build.0 = Release|Win32
		{E6D69869-53DC-4F40-93E1-ACB59C57CBD8}.Release|Win32.Deploy.0 = Release|Win32
		{E6D69869-53DC-4F40-93E1-ACB59C57CBD8}.Release|x64.ActiveCfg = Release|x64
		{E6D69869-53DC-4F40-93E1-ACB59C57CBD8}.Release|x64.Build.0 = Release|x64
		{E6D69869-53DC-4F40-93E1-ACB59C57CBD8}.Release|x64.Deploy.0 = Release|x64
		{11666DB0-90C9-4F17-92B9-C5625C3D9A6A}.Debug|Win32.ActiveCfg = Debug|Win32
		{11666DB0-90C9-4F17-92B9-C5625C3D9A6A}.Debug|Win32.Build.0 = Debug|Win32
		{11666DB0-90C9-4F17-92B9-C5625C3D9A6A}.Debug|Win32.Deploy.0 = Debug|Win32
		{11666DB0-90C9-4F17-92B9-C5625C3D9A6A}.Debug|x64.ActiveCfg = Debug|x64
		{11666DB0-90C9-4F17-92B9-C5625C3D9A6A}.Debug|x64.Build.0 = Debug|x64
		{11666DB0-90C9-4F17-92B9-C5625C3D9A6A}.Debug|x64.Deploy.0 = Debug|x64
		{11666DB0-90C9-4F17-92B9-C5625C3D9A6A}.Release|Win32.ActiveCfg = Release|Win32
		{11666DB0-90C9-4F17-92B9-C5625C3D9A6A}.Release|Win32.Build.0 = Release|Win32
		{11666DB0-90C9-4F17-92B9-C5625C3D9A6A}.Release|Win32.Deploy.0 = Release|Win32
		{11666DB0-90C9-4F17-92B9-C5625C3D9A6A}.Release|x64.ActiveCfg = Release|x64
		{11666DB0-90C9-4F17-92B9-C5625C3D9A6A}.Release|x64.Build.0 = Release|x64
		{11666DB0-90C9-4F17-92B9-C5625C3D9A6A}.Release|x64.Deploy.0 = Release|x64
		{8C40A7AE-FEF4-4F3D-8522-E3B4A77FB822}.Debug|Win32.ActiveCfg = Debug|Win32
		{8C40A7AE-FEF4-4F3D-8522-E3B4A77FB822}.Debug|Win32.Build.0 = Debug|Win32
		{8C40A7AE-FEF4-4F3D-8522-E3B4A77FB822}.Debug|Win32.Deploy.0 = Debug|Win32
		{8C40A7AE-FEF4-4F3D-8522-E3B4A77FB822}.Debug|x64.ActiveCfg = Debug|x64
		{8C40A7AE-FEF4-4F3D-8522-E3B4A77FB822}.Debug|x64.Build.0 = Debug|x64
		{8C40A7AE-FEF4-4F3D-8522-E3B4A77FB822}.Debug|x64.Deploy.0 = Debug|x64
		{8C40A7AE-FEF4-4F3D-8522-E3B4A77FB822}.Release|Win32.ActiveCfg = Release|Win32
		{8C40A7AE-FEF4-4F3D-8522-E3B4A77FB822}.Release|Win32.Build.0 = Release|Win32
		{8C40A7AE-FEF4-4F3D-8522-E3B4A77FB822}.Release|Win32.Deploy.0 = Release|Win32
		{8C40A7AE-FEF4-4F3D-8522-E3B4A77FB822}.Release|x64.ActiveCfg = Release|x64
		{8C40A7AE-FEF4-4F3D-8522-E3B4A77FB822}.Release|x64.Build.0 = Release|x64
		{8C40A7AE-FEF4-4F3D-8522-E3B4A77FB822}.Release|x64.Deploy.0 = Release|x64
	EndGlobalSection
	GlobalSection(SolutionProperties) = preSolution
		HideSolutionNode = FALSE
	EndGlobalSection
EndGlobal
